
Microsoft Visual Studio Solution File, Format Version 12.00
# Visual Studio Version 17
VisualStudioVersion = 17.4.33213.308
MinimumVisualStudioVersion = 10.0.40219.1
Project("{2150E333-8FDC-42A3-9474-1A3956D46DE8}") = "Lib", "Lib", "{CF8341E8-44BD-4602-87AC-D9203FF3F158}"
EndProject
Project("{2150E333-8FDC-42A3-9474-1A3956D46DE8}") = "Event Sourcing Core", "Event Sourcing Core", "{BB0C7694-EB82-4D68-A752-5027346A4E15}"
EndProject
Project("{2150E333-8FDC-42A3-9474-1A3956D46DE8}") = "Core", "Core", "{441953DB-D3C6-455A-BA74-AA7B497B7FB3}"
EndProject
Project("{9A19103F-16F7-4668-BE54-9A1E7A4F7556}") = "EventSourcingCore.Tests", "EventSourcingCore.Tests\EventSourcingCore.Tests.csproj", "{B34E4939-AC61-4554-8606-C7980CC7401A}"
EndProject
Project("{9A19103F-16F7-4668-BE54-9A1E7A4F7556}") = "EventSourcingCore.Store.EventStoreOrg.GRPC", "EventSourcingCore.Store.EventStoreOrg.GRPC\EventSourcingCore.Store.EventStoreOrg.GRPC.csproj", "{A1111C28-BEB2-4BC8-BA8F-06C8F71FCDAA}"
EndProject
Project("{9A19103F-16F7-4668-BE54-9A1E7A4F7556}") = "EventSourcingCore.Store.EventStoreOrg", "EventSourcingCore.Store.EventStoreOrg\EventSourcingCore.Store.EventStoreOrg.csproj", "{EC98892A-855B-4C0F-B2AF-1CCFCDCB2181}"
EndProject
Project("{9A19103F-16F7-4668-BE54-9A1E7A4F7556}") = "EventSourcingCore.Store.Abstractions", "EventSourcingCore.Store.Abstractions\EventSourcingCore.Store.Abstractions.csproj", "{C7DF7FF7-1879-4E3A-80D1-7CFE12DD9A49}"
EndProject
Project("{9A19103F-16F7-4668-BE54-9A1E7A4F7556}") = "EventSourcingCore.Readiness.Core", "EventSourcingCore.Readiness.Core\EventSourcingCore.Readiness.Core.csproj", "{A7D8B1AC-BAF0-43BD-8472-92147AAC1801}"
EndProject
Project("{9A19103F-16F7-4668-BE54-9A1E7A4F7556}") = "EventSourcingCore.Readiness.ASPNET", "EventSourcingCore.Readiness.ASPNET\EventSourcingCore.Readiness.ASPNET.csproj", "{06605050-1B2F-4EA4-A9C9-4A4420923D79}"
EndProject
Project("{9A19103F-16F7-4668-BE54-9A1E7A4F7556}") = "EventSourcingCore.Readiness.Abstractions", "EventSourcingCore.Readiness.Abstractions\EventSourcingCore.Readiness.Abstractions.csproj", "{9EB1BEFE-AC55-4A48-8C52-F48E5574BCB0}"
EndProject
Project("{9A19103F-16F7-4668-BE54-9A1E7A4F7556}") = "EventSourcingCore.Projection.Core.Tests", "EventSourcingCore.Projection.Core.Tests\EventSourcingCore.Projection.Core.Tests.csproj", "{189AFCE6-C1A6-449F-B6F4-670544F975D7}"
EndProject
Project("{9A19103F-16F7-4668-BE54-9A1E7A4F7556}") = "EventSourcingCore.Projection.Core", "EventSourcingCore.Projection.Core\EventSourcingCore.Projection.Core.csproj", "{12A4CA08-E22B-47BE-AA64-EB7BBBF73224}"
EndProject
Project("{9A19103F-16F7-4668-BE54-9A1E7A4F7556}") = "EventSourcingCore.Projection.Abstractions", "EventSourcingCore.Projection.Abstractions\EventSourcingCore.Projection.Abstractions.csproj", "{B6C9165A-746B-4EE5-8464-E3A75C97B074}"
EndProject
Project("{9A19103F-16F7-4668-BE54-9A1E7A4F7556}") = "EventSourcingCore.Persistence.EF.SqlServer", "EventSourcingCore.Persistence.EF.SqlServer\EventSourcingCore.Persistence.EF.SqlServer.csproj", "{BF053C72-5A62-465B-BE14-5EA821F3C9DF}"
EndProject
Project("{9A19103F-16F7-4668-BE54-9A1E7A4F7556}") = "EventSourcingCore.Persistence.EF.Abstractions", "EventSourcingCore.Persistence.EF.Abstractions\EventSourcingCore.Persistence.EF.Abstractions.csproj", "{F1593762-BFD5-4C3D-9A71-BE153D9E6407}"
EndProject
Project("{9A19103F-16F7-4668-BE54-9A1E7A4F7556}") = "EventSourcingCore.Event.Core", "EventSourcingCore.Event.Core\EventSourcingCore.Event.Core.csproj", "{834FA6B2-2191-48C0-92BF-CC5F4401DA26}"
EndProject
Project("{9A19103F-16F7-4668-BE54-9A1E7A4F7556}") = "EventSourcingCore.Event.Abstractions", "EventSourcingCore.Event.Abstractions\EventSourcingCore.Event.Abstractions.csproj", "{E18C1821-C8BC-4904-9004-315E081333E8}"
EndProject
Project("{9A19103F-16F7-4668-BE54-9A1E7A4F7556}") = "EventSourcingCore.CommandHandler.Core.Tests", "EventSourcingCore.CommandHandler.Core.Tests\EventSourcingCore.CommandHandler.Core.Tests.csproj", "{014BA213-8729-4BA5-BE38-B1858A4112BF}"
EndProject
Project("{9A19103F-16F7-4668-BE54-9A1E7A4F7556}") = "EventSourcingCore.CommandHandler.Core", "EventSourcingCore.CommandHandler.Core\EventSourcingCore.CommandHandler.Core.csproj", "{AD337C9F-DF44-4CA8-B7D0-C29AC51ED9D4}"
EndProject
Project("{9A19103F-16F7-4668-BE54-9A1E7A4F7556}") = "EventSourcingCore.CommandHandler.ASPNET.Tests", "EventSourcingCore.CommandHandler.ASPNET.Tests\EventSourcingCore.CommandHandler.ASPNET.Tests.csproj", "{14AD3CA3-DCCD-46AA-A3CB-A9ADA04CE48F}"
EndProject
Project("{9A19103F-16F7-4668-BE54-9A1E7A4F7556}") = "EventSourcingCore.CommandHandler.ASPNET.Client", "EventSourcingCore.CommandHandler.ASPNET.Client\EventSourcingCore.CommandHandler.ASPNET.Client.csproj", "{C492A6C9-65B7-42CA-B1ED-B4DA9A7DD3B2}"
EndProject
Project("{9A19103F-16F7-4668-BE54-9A1E7A4F7556}") = "EventSourcingCore.CommandHandler.ASPNET", "EventSourcingCore.CommandHandler.ASPNET\EventSourcingCore.CommandHandler.ASPNET.csproj", "{3E749AE4-3161-4DB9-BC58-E4741705655C}"
EndProject
Project("{9A19103F-16F7-4668-BE54-9A1E7A4F7556}") = "EventSourcingCore.CommandHandler.Abstractions", "EventSourcingCore.CommandHandler.Abstractions\EventSourcingCore.CommandHandler.Abstractions.csproj", "{A2E5D85C-0243-445C-8FE0-C082F6D236B4}"
EndProject
Project("{9A19103F-16F7-4668-BE54-9A1E7A4F7556}") = "EventSourcingCore.Aggregate.Core.Tests", "EventSourcingCore.Aggregate.Core.Tests\EventSourcingCore.Aggregate.Core.Tests.csproj", "{EA0D0E09-3DD7-40C9-969E-FF7C4079F4D9}"
EndProject
Project("{9A19103F-16F7-4668-BE54-9A1E7A4F7556}") = "EventSourcingCore.Aggregate.Core", "EventSourcingCore.Aggregate.Core\EventSourcingCore.Aggregate.Core.csproj", "{E65A5ABB-E39F-49DE-B259-3F2CE82919EA}"
EndProject
Project("{9A19103F-16F7-4668-BE54-9A1E7A4F7556}") = "EventSourcingCore.Aggregate.Abstractions.Tests", "EventSourcingCore.Aggregate.Abstractions.Tests\EventSourcingCore.Aggregate.Abstractions.Tests.csproj", "{4FFCE810-99D9-406A-8083-4017122D862B}"
EndProject
Project("{9A19103F-16F7-4668-BE54-9A1E7A4F7556}") = "EventSourcingCore.Aggregate.Abstractions", "EventSourcingCore.Aggregate.Abstractions\EventSourcingCore.Aggregate.Abstractions.csproj", "{7CDA36D7-21DD-46FA-92AF-6EB9C398FE3D}"
EndProject
Project("{9A19103F-16F7-4668-BE54-9A1E7A4F7556}") = "Core.Tenancy.ASPNET", "Core.Tenancy.ASPNET\Core.Tenancy.ASPNET.csproj", "{CA5D4D72-2376-4AEF-9BEB-D9C6D1A2FC48}"
EndProject
Project("{9A19103F-16F7-4668-BE54-9A1E7A4F7556}") = "Core.Tenancy.Abstractions", "Core.Tenancy.Abstractions\Core.Tenancy.Abstractions.csproj", "{6F391756-C881-448F-ADBE-01C5E8187AB5}"
EndProject
Project("{9A19103F-16F7-4668-BE54-9A1E7A4F7556}") = "Core.Serialization.Json.Tests", "Core.Serialization.Json.Tests\Core.Serialization.Json.Tests.csproj", "{A4099655-BEFC-4BF1-AC58-C66CC66C2952}"
EndProject
Project("{9A19103F-16F7-4668-BE54-9A1E7A4F7556}") = "Core.Serialization.Json", "Core.Serialization.Json\Core.Serialization.Json.csproj", "{135456E5-B8B4-414A-8812-2BEFA0866AFD}"
EndProject
Project("{9A19103F-16F7-4668-BE54-9A1E7A4F7556}") = "Core.Serialization.Abstractions", "Core.Serialization.Abstractions\Core.Serialization.Abstractions.csproj", "{67A2F2CF-E8A0-4482-9099-DB7833F1981B}"
EndProject
Project("{9A19103F-16F7-4668-BE54-9A1E7A4F7556}") = "Core.Security.Core.Tests", "Core.Security.Core.Tests\Core.Security.Core.Tests.csproj", "{ABEDF863-DACF-482B-B32D-4F775A520818}"
EndProject
Project("{9A19103F-16F7-4668-BE54-9A1E7A4F7556}") = "Core.Security.Core", "Core.Security.Core\Core.Security.Core.csproj", "{2CE03AD7-1795-4E92-906A-F9591E64D0DC}"
EndProject
Project("{9A19103F-16F7-4668-BE54-9A1E7A4F7556}") = "Core.Security.ASPNET", "Core.Security.ASPNET\Core.Security.ASPNET.csproj", "{CBACAC92-FB08-4DFC-B82C-0BA34C9965E9}"
EndProject
Project("{9A19103F-16F7-4668-BE54-9A1E7A4F7556}") = "Core.Security.Abstractions", "Core.Security.Abstractions\Core.Security.Abstractions.csproj", "{B4FBF61A-1E69-4A05-90B5-4A15E4429840}"
EndProject
Project("{9A19103F-16F7-4668-BE54-9A1E7A4F7556}") = "Core.Reflection.Tests", "Core.Reflection.Tests\Core.Reflection.Tests.csproj", "{E2931F0D-27AC-4CA2-82B8-3C8A73EFF504}"
EndProject
Project("{9A19103F-16F7-4668-BE54-9A1E7A4F7556}") = "Core.Reflection.Abstractions", "Core.Reflection.Abstractions\Core.Reflection.Abstractions.csproj", "{A61F8F57-E9BD-4CF6-BBC4-F9A9FE62A49D}"
EndProject
Project("{9A19103F-16F7-4668-BE54-9A1E7A4F7556}") = "Core.Reflection", "Core.Reflection\Core.Reflection.csproj", "{ED0B753C-1774-41EB-B9FB-56C9C9EE351D}"
EndProject
Project("{9A19103F-16F7-4668-BE54-9A1E7A4F7556}") = "Core.OpenIdConnect.WebAssembly.Client", "Core.OpenIdConnect.WebAssembly.Client\Core.OpenIdConnect.WebAssembly.Client.csproj", "{D5104047-685C-4924-B112-A1E5EC9EB790}"
EndProject
Project("{9A19103F-16F7-4668-BE54-9A1E7A4F7556}") = "Core.OpenIdConnect.RemoteHost", "Core.OpenIdConnect.RemoteHost\Core.OpenIdConnect.RemoteHost.csproj", "{BF72A22A-8068-459C-884C-0E5C25BE8B32}"
EndProject
Project("{9A19103F-16F7-4668-BE54-9A1E7A4F7556}") = "Core.OpenIdConnect.Configuration", "Core.OpenIdConnect.Configuration\Core.OpenIdConnect.Configuration.csproj", "{8A802B53-5BD9-4392-AFF4-F5E62A34BAB6}"
EndProject
Project("{9A19103F-16F7-4668-BE54-9A1E7A4F7556}") = "Core.Networking", "Core.Networking\Core.Networking.csproj", "{CF63534E-19B7-445C-8B75-C3DDB8B12BF8}"
EndProject
Project("{9A19103F-16F7-4668-BE54-9A1E7A4F7556}") = "Core.Logging.Tests", "Core.Logging.Tests\Core.Logging.Tests.csproj", "{F078B20E-574C-4936-952D-021DB08C7BC9}"
EndProject
Project("{9A19103F-16F7-4668-BE54-9A1E7A4F7556}") = "Core.Logging.Core", "Core.Logging.Core\Core.Logging.Core.csproj", "{71FAE58E-4211-4F61-85BC-A6E3B72947C8}"
EndProject
Project("{9A19103F-16F7-4668-BE54-9A1E7A4F7556}") = "Core.Logging.Configuration", "Core.Logging.Configuration\Core.Logging.Configuration.csproj", "{894A656A-9111-4FC5-AD40-3C5B133B3CC1}"
EndProject
Project("{9A19103F-16F7-4668-BE54-9A1E7A4F7556}") = "Core.Logging.Abstractions", "Core.Logging.Abstractions\Core.Logging.Abstractions.csproj", "{1F88FF09-40ED-45F2-A23B-EBFF2C170998}"
EndProject
Project("{9A19103F-16F7-4668-BE54-9A1E7A4F7556}") = "Core.DependencyInjection.Core", "Core.DependencyInjection.Core\Core.DependencyInjection.Core.csproj", "{7758892A-2922-4641-A23C-B5DF49B01F0A}"
EndProject
Project("{9A19103F-16F7-4668-BE54-9A1E7A4F7556}") = "Core.Configuration.Host.ASPNET", "Core.Configuration.Host.ASPNET\Core.Configuration.Host.ASPNET.csproj", "{D6983F1D-DDFF-4B4E-9B47-EDFE9EA46792}"
EndProject
Project("{9A19103F-16F7-4668-BE54-9A1E7A4F7556}") = "Core.Configuration.Client", "Core.Configuration.Client\Core.Configuration.Client.csproj", "{1D83715F-0AE3-482E-B2FA-A1CC8978D259}"
EndProject
Project("{9A19103F-16F7-4668-BE54-9A1E7A4F7556}") = "Core.Configuration.Abstractions", "Core.Configuration.Abstractions\Core.Configuration.Abstractions.csproj", "{2E7D7461-5F1D-4113-BE16-E784B8D8321C}"
EndProject
Project("{9A19103F-16F7-4668-BE54-9A1E7A4F7556}") = "Core.Collections", "Core.Collections\Core.Collections.csproj", "{A064F430-7CED-4AD2-AA16-8325A7AAE845}"
EndProject
Project("{9A19103F-16F7-4668-BE54-9A1E7A4F7556}") = "Core.ASPNET.Rewrite", "Core.ASPNET.Rewrite\Core.ASPNET.Rewrite.csproj", "{373CD111-7FF2-4E6A-8116-6847D0E0947C}"
EndProject
Global
	GlobalSection(SolutionConfigurationPlatforms) = preSolution
		Debug|Any CPU = Debug|Any CPU
		Release|Any CPU = Release|Any CPU
	EndGlobalSection
	GlobalSection(ProjectConfigurationPlatforms) = postSolution
		{B34E4939-AC61-4554-8606-C7980CC7401A}.Debug|Any CPU.ActiveCfg = Debug|Any CPU
		{B34E4939-AC61-4554-8606-C7980CC7401A}.Debug|Any CPU.Build.0 = Debug|Any CPU
		{B34E4939-AC61-4554-8606-C7980CC7401A}.Release|Any CPU.ActiveCfg = Release|Any CPU
		{B34E4939-AC61-4554-8606-C7980CC7401A}.Release|Any CPU.Build.0 = Release|Any CPU
		{A1111C28-BEB2-4BC8-BA8F-06C8F71FCDAA}.Debug|Any CPU.ActiveCfg = Debug|Any CPU
		{A1111C28-BEB2-4BC8-BA8F-06C8F71FCDAA}.Debug|Any CPU.Build.0 = Debug|Any CPU
		{A1111C28-BEB2-4BC8-BA8F-06C8F71FCDAA}.Release|Any CPU.ActiveCfg = Release|Any CPU
		{A1111C28-BEB2-4BC8-BA8F-06C8F71FCDAA}.Release|Any CPU.Build.0 = Release|Any CPU
		{EC98892A-855B-4C0F-B2AF-1CCFCDCB2181}.Debug|Any CPU.ActiveCfg = Debug|Any CPU
		{EC98892A-855B-4C0F-B2AF-1CCFCDCB2181}.Debug|Any CPU.Build.0 = Debug|Any CPU
		{EC98892A-855B-4C0F-B2AF-1CCFCDCB2181}.Release|Any CPU.ActiveCfg = Release|Any CPU
		{EC98892A-855B-4C0F-B2AF-1CCFCDCB2181}.Release|Any CPU.Build.0 = Release|Any CPU
		{C7DF7FF7-1879-4E3A-80D1-7CFE12DD9A49}.Debug|Any CPU.ActiveCfg = Debug|Any CPU
		{C7DF7FF7-1879-4E3A-80D1-7CFE12DD9A49}.Debug|Any CPU.Build.0 = Debug|Any CPU
		{C7DF7FF7-1879-4E3A-80D1-7CFE12DD9A49}.Release|Any CPU.ActiveCfg = Release|Any CPU
		{C7DF7FF7-1879-4E3A-80D1-7CFE12DD9A49}.Release|Any CPU.Build.0 = Release|Any CPU
		{A7D8B1AC-BAF0-43BD-8472-92147AAC1801}.Debug|Any CPU.ActiveCfg = Debug|Any CPU
		{A7D8B1AC-BAF0-43BD-8472-92147AAC1801}.Debug|Any CPU.Build.0 = Debug|Any CPU
		{A7D8B1AC-BAF0-43BD-8472-92147AAC1801}.Release|Any CPU.ActiveCfg = Release|Any CPU
		{A7D8B1AC-BAF0-43BD-8472-92147AAC1801}.Release|Any CPU.Build.0 = Release|Any CPU
		{06605050-1B2F-4EA4-A9C9-4A4420923D79}.Debug|Any CPU.ActiveCfg = Debug|Any CPU
		{06605050-1B2F-4EA4-A9C9-4A4420923D79}.Debug|Any CPU.Build.0 = Debug|Any CPU
		{06605050-1B2F-4EA4-A9C9-4A4420923D79}.Release|Any CPU.ActiveCfg = Release|Any CPU
		{06605050-1B2F-4EA4-A9C9-4A4420923D79}.Release|Any CPU.Build.0 = Release|Any CPU
		{9EB1BEFE-AC55-4A48-8C52-F48E5574BCB0}.Debug|Any CPU.ActiveCfg = Debug|Any CPU
		{9EB1BEFE-AC55-4A48-8C52-F48E5574BCB0}.Debug|Any CPU.Build.0 = Debug|Any CPU
		{9EB1BEFE-AC55-4A48-8C52-F48E5574BCB0}.Release|Any CPU.ActiveCfg = Release|Any CPU
		{9EB1BEFE-AC55-4A48-8C52-F48E5574BCB0}.Release|Any CPU.Build.0 = Release|Any CPU
		{189AFCE6-C1A6-449F-B6F4-670544F975D7}.Debug|Any CPU.ActiveCfg = Debug|Any CPU
		{189AFCE6-C1A6-449F-B6F4-670544F975D7}.Debug|Any CPU.Build.0 = Debug|Any CPU
		{189AFCE6-C1A6-449F-B6F4-670544F975D7}.Release|Any CPU.ActiveCfg = Release|Any CPU
		{189AFCE6-C1A6-449F-B6F4-670544F975D7}.Release|Any CPU.Build.0 = Release|Any CPU
		{12A4CA08-E22B-47BE-AA64-EB7BBBF73224}.Debug|Any CPU.ActiveCfg = Debug|Any CPU
		{12A4CA08-E22B-47BE-AA64-EB7BBBF73224}.Debug|Any CPU.Build.0 = Debug|Any CPU
		{12A4CA08-E22B-47BE-AA64-EB7BBBF73224}.Release|Any CPU.ActiveCfg = Release|Any CPU
		{12A4CA08-E22B-47BE-AA64-EB7BBBF73224}.Release|Any CPU.Build.0 = Release|Any CPU
		{B6C9165A-746B-4EE5-8464-E3A75C97B074}.Debug|Any CPU.ActiveCfg = Debug|Any CPU
		{B6C9165A-746B-4EE5-8464-E3A75C97B074}.Debug|Any CPU.Build.0 = Debug|Any CPU
		{B6C9165A-746B-4EE5-8464-E3A75C97B074}.Release|Any CPU.ActiveCfg = Release|Any CPU
		{B6C9165A-746B-4EE5-8464-E3A75C97B074}.Release|Any CPU.Build.0 = Release|Any CPU
		{BF053C72-5A62-465B-BE14-5EA821F3C9DF}.Debug|Any CPU.ActiveCfg = Debug|Any CPU
		{BF053C72-5A62-465B-BE14-5EA821F3C9DF}.Debug|Any CPU.Build.0 = Debug|Any CPU
		{BF053C72-5A62-465B-BE14-5EA821F3C9DF}.Release|Any CPU.ActiveCfg = Release|Any CPU
		{BF053C72-5A62-465B-BE14-5EA821F3C9DF}.Release|Any CPU.Build.0 = Release|Any CPU
		{F1593762-BFD5-4C3D-9A71-BE153D9E6407}.Debug|Any CPU.ActiveCfg = Debug|Any CPU
		{F1593762-BFD5-4C3D-9A71-BE153D9E6407}.Debug|Any CPU.Build.0 = Debug|Any CPU
		{F1593762-BFD5-4C3D-9A71-BE153D9E6407}.Release|Any CPU.ActiveCfg = Release|Any CPU
		{F1593762-BFD5-4C3D-9A71-BE153D9E6407}.Release|Any CPU.Build.0 = Release|Any CPU
		{834FA6B2-2191-48C0-92BF-CC5F4401DA26}.Debug|Any CPU.ActiveCfg = Debug|Any CPU
		{834FA6B2-2191-48C0-92BF-CC5F4401DA26}.Debug|Any CPU.Build.0 = Debug|Any CPU
		{834FA6B2-2191-48C0-92BF-CC5F4401DA26}.Release|Any CPU.ActiveCfg = Release|Any CPU
		{834FA6B2-2191-48C0-92BF-CC5F4401DA26}.Release|Any CPU.Build.0 = Release|Any CPU
		{E18C1821-C8BC-4904-9004-315E081333E8}.Debug|Any CPU.ActiveCfg = Debug|Any CPU
		{E18C1821-C8BC-4904-9004-315E081333E8}.Debug|Any CPU.Build.0 = Debug|Any CPU
		{E18C1821-C8BC-4904-9004-315E081333E8}.Release|Any CPU.ActiveCfg = Release|Any CPU
		{E18C1821-C8BC-4904-9004-315E081333E8}.Release|Any CPU.Build.0 = Release|Any CPU
		{014BA213-8729-4BA5-BE38-B1858A4112BF}.Debug|Any CPU.ActiveCfg = Debug|Any CPU
		{014BA213-8729-4BA5-BE38-B1858A4112BF}.Debug|Any CPU.Build.0 = Debug|Any CPU
		{014BA213-8729-4BA5-BE38-B1858A4112BF}.Release|Any CPU.ActiveCfg = Release|Any CPU
		{014BA213-8729-4BA5-BE38-B1858A4112BF}.Release|Any CPU.Build.0 = Release|Any CPU
		{AD337C9F-DF44-4CA8-B7D0-C29AC51ED9D4}.Debug|Any CPU.ActiveCfg = Debug|Any CPU
		{AD337C9F-DF44-4CA8-B7D0-C29AC51ED9D4}.Debug|Any CPU.Build.0 = Debug|Any CPU
		{AD337C9F-DF44-4CA8-B7D0-C29AC51ED9D4}.Release|Any CPU.ActiveCfg = Release|Any CPU
		{AD337C9F-DF44-4CA8-B7D0-C29AC51ED9D4}.Release|Any CPU.Build.0 = Release|Any CPU
		{14AD3CA3-DCCD-46AA-A3CB-A9ADA04CE48F}.Debug|Any CPU.ActiveCfg = Debug|Any CPU
		{14AD3CA3-DCCD-46AA-A3CB-A9ADA04CE48F}.Debug|Any CPU.Build.0 = Debug|Any CPU
		{14AD3CA3-DCCD-46AA-A3CB-A9ADA04CE48F}.Release|Any CPU.ActiveCfg = Release|Any CPU
		{14AD3CA3-DCCD-46AA-A3CB-A9ADA04CE48F}.Release|Any CPU.Build.0 = Release|Any CPU
		{C492A6C9-65B7-42CA-B1ED-B4DA9A7DD3B2}.Debug|Any CPU.ActiveCfg = Debug|Any CPU
		{C492A6C9-65B7-42CA-B1ED-B4DA9A7DD3B2}.Debug|Any CPU.Build.0 = Debug|Any CPU
		{C492A6C9-65B7-42CA-B1ED-B4DA9A7DD3B2}.Release|Any CPU.ActiveCfg = Release|Any CPU
		{C492A6C9-65B7-42CA-B1ED-B4DA9A7DD3B2}.Release|Any CPU.Build.0 = Release|Any CPU
		{3E749AE4-3161-4DB9-BC58-E4741705655C}.Debug|Any CPU.ActiveCfg = Debug|Any CPU
		{3E749AE4-3161-4DB9-BC58-E4741705655C}.Debug|Any CPU.Build.0 = Debug|Any CPU
		{3E749AE4-3161-4DB9-BC58-E4741705655C}.Release|Any CPU.ActiveCfg = Release|Any CPU
		{3E749AE4-3161-4DB9-BC58-E4741705655C}.Release|Any CPU.Build.0 = Release|Any CPU
		{A2E5D85C-0243-445C-8FE0-C082F6D236B4}.Debug|Any CPU.ActiveCfg = Debug|Any CPU
		{A2E5D85C-0243-445C-8FE0-C082F6D236B4}.Debug|Any CPU.Build.0 = Debug|Any CPU
		{A2E5D85C-0243-445C-8FE0-C082F6D236B4}.Release|Any CPU.ActiveCfg = Release|Any CPU
		{A2E5D85C-0243-445C-8FE0-C082F6D236B4}.Release|Any CPU.Build.0 = Release|Any CPU
		{EA0D0E09-3DD7-40C9-969E-FF7C4079F4D9}.Debug|Any CPU.ActiveCfg = Debug|Any CPU
		{EA0D0E09-3DD7-40C9-969E-FF7C4079F4D9}.Debug|Any CPU.Build.0 = Debug|Any CPU
		{EA0D0E09-3DD7-40C9-969E-FF7C4079F4D9}.Release|Any CPU.ActiveCfg = Release|Any CPU
		{EA0D0E09-3DD7-40C9-969E-FF7C4079F4D9}.Release|Any CPU.Build.0 = Release|Any CPU
		{E65A5ABB-E39F-49DE-B259-3F2CE82919EA}.Debug|Any CPU.ActiveCfg = Debug|Any CPU
		{E65A5ABB-E39F-49DE-B259-3F2CE82919EA}.Debug|Any CPU.Build.0 = Debug|Any CPU
		{E65A5ABB-E39F-49DE-B259-3F2CE82919EA}.Release|Any CPU.ActiveCfg = Release|Any CPU
		{E65A5ABB-E39F-49DE-B259-3F2CE82919EA}.Release|Any CPU.Build.0 = Release|Any CPU
		{4FFCE810-99D9-406A-8083-4017122D862B}.Debug|Any CPU.ActiveCfg = Debug|Any CPU
		{4FFCE810-99D9-406A-8083-4017122D862B}.Debug|Any CPU.Build.0 = Debug|Any CPU
		{4FFCE810-99D9-406A-8083-4017122D862B}.Release|Any CPU.ActiveCfg = Release|Any CPU
		{4FFCE810-99D9-406A-8083-4017122D862B}.Release|Any CPU.Build.0 = Release|Any CPU
		{7CDA36D7-21DD-46FA-92AF-6EB9C398FE3D}.Debug|Any CPU.ActiveCfg = Debug|Any CPU
		{7CDA36D7-21DD-46FA-92AF-6EB9C398FE3D}.Debug|Any CPU.Build.0 = Debug|Any CPU
		{7CDA36D7-21DD-46FA-92AF-6EB9C398FE3D}.Release|Any CPU.ActiveCfg = Release|Any CPU
		{7CDA36D7-21DD-46FA-92AF-6EB9C398FE3D}.Release|Any CPU.Build.0 = Release|Any CPU
		{CA5D4D72-2376-4AEF-9BEB-D9C6D1A2FC48}.Debug|Any CPU.ActiveCfg = Debug|Any CPU
		{CA5D4D72-2376-4AEF-9BEB-D9C6D1A2FC48}.Debug|Any CPU.Build.0 = Debug|Any CPU
		{CA5D4D72-2376-4AEF-9BEB-D9C6D1A2FC48}.Release|Any CPU.ActiveCfg = Release|Any CPU
		{CA5D4D72-2376-4AEF-9BEB-D9C6D1A2FC48}.Release|Any CPU.Build.0 = Release|Any CPU
		{6F391756-C881-448F-ADBE-01C5E8187AB5}.Debug|Any CPU.ActiveCfg = Debug|Any CPU
		{6F391756-C881-448F-ADBE-01C5E8187AB5}.Debug|Any CPU.Build.0 = Debug|Any CPU
		{6F391756-C881-448F-ADBE-01C5E8187AB5}.Release|Any CPU.ActiveCfg = Release|Any CPU
		{6F391756-C881-448F-ADBE-01C5E8187AB5}.Release|Any CPU.Build.0 = Release|Any CPU
		{A4099655-BEFC-4BF1-AC58-C66CC66C2952}.Debug|Any CPU.ActiveCfg = Debug|Any CPU
		{A4099655-BEFC-4BF1-AC58-C66CC66C2952}.Debug|Any CPU.Build.0 = Debug|Any CPU
		{A4099655-BEFC-4BF1-AC58-C66CC66C2952}.Release|Any CPU.ActiveCfg = Release|Any CPU
		{A4099655-BEFC-4BF1-AC58-C66CC66C2952}.Release|Any CPU.Build.0 = Release|Any CPU
		{135456E5-B8B4-414A-8812-2BEFA0866AFD}.Debug|Any CPU.ActiveCfg = Debug|Any CPU
		{135456E5-B8B4-414A-8812-2BEFA0866AFD}.Debug|Any CPU.Build.0 = Debug|Any CPU
		{135456E5-B8B4-414A-8812-2BEFA0866AFD}.Release|Any CPU.ActiveCfg = Release|Any CPU
		{135456E5-B8B4-414A-8812-2BEFA0866AFD}.Release|Any CPU.Build.0 = Release|Any CPU
		{67A2F2CF-E8A0-4482-9099-DB7833F1981B}.Debug|Any CPU.ActiveCfg = Debug|Any CPU
		{67A2F2CF-E8A0-4482-9099-DB7833F1981B}.Debug|Any CPU.Build.0 = Debug|Any CPU
		{67A2F2CF-E8A0-4482-9099-DB7833F1981B}.Release|Any CPU.ActiveCfg = Release|Any CPU
		{67A2F2CF-E8A0-4482-9099-DB7833F1981B}.Release|Any CPU.Build.0 = Release|Any CPU
		{ABEDF863-DACF-482B-B32D-4F775A520818}.Debug|Any CPU.ActiveCfg = Debug|Any CPU
		{ABEDF863-DACF-482B-B32D-4F775A520818}.Debug|Any CPU.Build.0 = Debug|Any CPU
		{ABEDF863-DACF-482B-B32D-4F775A520818}.Release|Any CPU.ActiveCfg = Release|Any CPU
		{ABEDF863-DACF-482B-B32D-4F775A520818}.Release|Any CPU.Build.0 = Release|Any CPU
		{2CE03AD7-1795-4E92-906A-F9591E64D0DC}.Debug|Any CPU.ActiveCfg = Debug|Any CPU
		{2CE03AD7-1795-4E92-906A-F9591E64D0DC}.Debug|Any CPU.Build.0 = Debug|Any CPU
		{2CE03AD7-1795-4E92-906A-F9591E64D0DC}.Release|Any CPU.ActiveCfg = Release|Any CPU
		{2CE03AD7-1795-4E92-906A-F9591E64D0DC}.Release|Any CPU.Build.0 = Release|Any CPU
		{CBACAC92-FB08-4DFC-B82C-0BA34C9965E9}.Debug|Any CPU.ActiveCfg = Debug|Any CPU
		{CBACAC92-FB08-4DFC-B82C-0BA34C9965E9}.Debug|Any CPU.Build.0 = Debug|Any CPU
		{CBACAC92-FB08-4DFC-B82C-0BA34C9965E9}.Release|Any CPU.ActiveCfg = Release|Any CPU
		{CBACAC92-FB08-4DFC-B82C-0BA34C9965E9}.Release|Any CPU.Build.0 = Release|Any CPU
		{B4FBF61A-1E69-4A05-90B5-4A15E4429840}.Debug|Any CPU.ActiveCfg = Debug|Any CPU
		{B4FBF61A-1E69-4A05-90B5-4A15E4429840}.Debug|Any CPU.Build.0 = Debug|Any CPU
		{B4FBF61A-1E69-4A05-90B5-4A15E4429840}.Release|Any CPU.ActiveCfg = Release|Any CPU
		{B4FBF61A-1E69-4A05-90B5-4A15E4429840}.Release|Any CPU.Build.0 = Release|Any CPU
		{E2931F0D-27AC-4CA2-82B8-3C8A73EFF504}.Debug|Any CPU.ActiveCfg = Debug|Any CPU
		{E2931F0D-27AC-4CA2-82B8-3C8A73EFF504}.Debug|Any CPU.Build.0 = Debug|Any CPU
		{E2931F0D-27AC-4CA2-82B8-3C8A73EFF504}.Release|Any CPU.ActiveCfg = Release|Any CPU
		{E2931F0D-27AC-4CA2-82B8-3C8A73EFF504}.Release|Any CPU.Build.0 = Release|Any CPU
		{A61F8F57-E9BD-4CF6-BBC4-F9A9FE62A49D}.Debug|Any CPU.ActiveCfg = Debug|Any CPU
		{A61F8F57-E9BD-4CF6-BBC4-F9A9FE62A49D}.Debug|Any CPU.Build.0 = Debug|Any CPU
		{A61F8F57-E9BD-4CF6-BBC4-F9A9FE62A49D}.Release|Any CPU.ActiveCfg = Release|Any CPU
		{A61F8F57-E9BD-4CF6-BBC4-F9A9FE62A49D}.Release|Any CPU.Build.0 = Release|Any CPU
		{ED0B753C-1774-41EB-B9FB-56C9C9EE351D}.Debug|Any CPU.ActiveCfg = Debug|Any CPU
		{ED0B753C-1774-41EB-B9FB-56C9C9EE351D}.Debug|Any CPU.Build.0 = Debug|Any CPU
		{ED0B753C-1774-41EB-B9FB-56C9C9EE351D}.Release|Any CPU.ActiveCfg = Release|Any CPU
		{ED0B753C-1774-41EB-B9FB-56C9C9EE351D}.Release|Any CPU.Build.0 = Release|Any CPU
		{D5104047-685C-4924-B112-A1E5EC9EB790}.Debug|Any CPU.ActiveCfg = Debug|Any CPU
		{D5104047-685C-4924-B112-A1E5EC9EB790}.Debug|Any CPU.Build.0 = Debug|Any CPU
		{D5104047-685C-4924-B112-A1E5EC9EB790}.Release|Any CPU.ActiveCfg = Release|Any CPU
		{D5104047-685C-4924-B112-A1E5EC9EB790}.Release|Any CPU.Build.0 = Release|Any CPU
		{BF72A22A-8068-459C-884C-0E5C25BE8B32}.Debug|Any CPU.ActiveCfg = Debug|Any CPU
		{BF72A22A-8068-459C-884C-0E5C25BE8B32}.Debug|Any CPU.Build.0 = Debug|Any CPU
		{BF72A22A-8068-459C-884C-0E5C25BE8B32}.Release|Any CPU.ActiveCfg = Release|Any CPU
		{BF72A22A-8068-459C-884C-0E5C25BE8B32}.Release|Any CPU.Build.0 = Release|Any CPU
		{8A802B53-5BD9-4392-AFF4-F5E62A34BAB6}.Debug|Any CPU.ActiveCfg = Debug|Any CPU
		{8A802B53-5BD9-4392-AFF4-F5E62A34BAB6}.Debug|Any CPU.Build.0 = Debug|Any CPU
		{8A802B53-5BD9-4392-AFF4-F5E62A34BAB6}.Release|Any CPU.ActiveCfg = Release|Any CPU
		{8A802B53-5BD9-4392-AFF4-F5E62A34BAB6}.Release|Any CPU.Build.0 = Release|Any CPU
		{CF63534E-19B7-445C-8B75-C3DDB8B12BF8}.Debug|Any CPU.ActiveCfg = Debug|Any CPU
		{CF63534E-19B7-445C-8B75-C3DDB8B12BF8}.Debug|Any CPU.Build.0 = Debug|Any CPU
		{CF63534E-19B7-445C-8B75-C3DDB8B12BF8}.Release|Any CPU.ActiveCfg = Release|Any CPU
		{CF63534E-19B7-445C-8B75-C3DDB8B12BF8}.Release|Any CPU.Build.0 = Release|Any CPU
		{F078B20E-574C-4936-952D-021DB08C7BC9}.Debug|Any CPU.ActiveCfg = Debug|Any CPU
		{F078B20E-574C-4936-952D-021DB08C7BC9}.Debug|Any CPU.Build.0 = Debug|Any CPU
		{F078B20E-574C-4936-952D-021DB08C7BC9}.Release|Any CPU.ActiveCfg = Release|Any CPU
		{F078B20E-574C-4936-952D-021DB08C7BC9}.Release|Any CPU.Build.0 = Release|Any CPU
		{71FAE58E-4211-4F61-85BC-A6E3B72947C8}.Debug|Any CPU.ActiveCfg = Debug|Any CPU
		{71FAE58E-4211-4F61-85BC-A6E3B72947C8}.Debug|Any CPU.Build.0 = Debug|Any CPU
		{71FAE58E-4211-4F61-85BC-A6E3B72947C8}.Release|Any CPU.ActiveCfg = Release|Any CPU
		{71FAE58E-4211-4F61-85BC-A6E3B72947C8}.Release|Any CPU.Build.0 = Release|Any CPU
		{894A656A-9111-4FC5-AD40-3C5B133B3CC1}.Debug|Any CPU.ActiveCfg = Debug|Any CPU
		{894A656A-9111-4FC5-AD40-3C5B133B3CC1}.Debug|Any CPU.Build.0 = Debug|Any CPU
		{894A656A-9111-4FC5-AD40-3C5B133B3CC1}.Release|Any CPU.ActiveCfg = Release|Any CPU
		{894A656A-9111-4FC5-AD40-3C5B133B3CC1}.Release|Any CPU.Build.0 = Release|Any CPU
		{1F88FF09-40ED-45F2-A23B-EBFF2C170998}.Debug|Any CPU.ActiveCfg = Debug|Any CPU
		{1F88FF09-40ED-45F2-A23B-EBFF2C170998}.Debug|Any CPU.Build.0 = Debug|Any CPU
		{1F88FF09-40ED-45F2-A23B-EBFF2C170998}.Release|Any CPU.ActiveCfg = Release|Any CPU
		{1F88FF09-40ED-45F2-A23B-EBFF2C170998}.Release|Any CPU.Build.0 = Release|Any CPU
		{7758892A-2922-4641-A23C-B5DF49B01F0A}.Debug|Any CPU.ActiveCfg = Debug|Any CPU
		{7758892A-2922-4641-A23C-B5DF49B01F0A}.Debug|Any CPU.Build.0 = Debug|Any CPU
		{7758892A-2922-4641-A23C-B5DF49B01F0A}.Release|Any CPU.ActiveCfg = Release|Any CPU
		{7758892A-2922-4641-A23C-B5DF49B01F0A}.Release|Any CPU.Build.0 = Release|Any CPU
		{D6983F1D-DDFF-4B4E-9B47-EDFE9EA46792}.Debug|Any CPU.ActiveCfg = Debug|Any CPU
		{D6983F1D-DDFF-4B4E-9B47-EDFE9EA46792}.Debug|Any CPU.Build.0 = Debug|Any CPU
		{D6983F1D-DDFF-4B4E-9B47-EDFE9EA46792}.Release|Any CPU.ActiveCfg = Release|Any CPU
		{D6983F1D-DDFF-4B4E-9B47-EDFE9EA46792}.Release|Any CPU.Build.0 = Release|Any CPU
		{1D83715F-0AE3-482E-B2FA-A1CC8978D259}.Debug|Any CPU.ActiveCfg = Debug|Any CPU
		{1D83715F-0AE3-482E-B2FA-A1CC8978D259}.Debug|Any CPU.Build.0 = Debug|Any CPU
		{1D83715F-0AE3-482E-B2FA-A1CC8978D259}.Release|Any CPU.ActiveCfg = Release|Any CPU
		{1D83715F-0AE3-482E-B2FA-A1CC8978D259}.Release|Any CPU.Build.0 = Release|Any CPU
		{2E7D7461-5F1D-4113-BE16-E784B8D8321C}.Debug|Any CPU.ActiveCfg = Debug|Any CPU
		{2E7D7461-5F1D-4113-BE16-E784B8D8321C}.Debug|Any CPU.Build.0 = Debug|Any CPU
		{2E7D7461-5F1D-4113-BE16-E784B8D8321C}.Release|Any CPU.ActiveCfg = Release|Any CPU
		{2E7D7461-5F1D-4113-BE16-E784B8D8321C}.Release|Any CPU.Build.0 = Release|Any CPU
		{A064F430-7CED-4AD2-AA16-8325A7AAE845}.Debug|Any CPU.ActiveCfg = Debug|Any CPU
		{A064F430-7CED-4AD2-AA16-8325A7AAE845}.Debug|Any CPU.Build.0 = Debug|Any CPU
		{A064F430-7CED-4AD2-AA16-8325A7AAE845}.Release|Any CPU.ActiveCfg = Release|Any CPU
		{A064F430-7CED-4AD2-AA16-8325A7AAE845}.Release|Any CPU.Build.0 = Release|Any CPU
		{373CD111-7FF2-4E6A-8116-6847D0E0947C}.Debug|Any CPU.ActiveCfg = Debug|Any CPU
		{373CD111-7FF2-4E6A-8116-6847D0E0947C}.Debug|Any CPU.Build.0 = Debug|Any CPU
		{373CD111-7FF2-4E6A-8116-6847D0E0947C}.Release|Any CPU.ActiveCfg = Release|Any CPU
		{373CD111-7FF2-4E6A-8116-6847D0E0947C}.Release|Any CPU.Build.0 = Release|Any CPU
	EndGlobalSection
	GlobalSection(SolutionProperties) = preSolution
		HideSolutionNode = FALSE
	EndGlobalSection
	GlobalSection(NestedProjects) = preSolution
		{BB0C7694-EB82-4D68-A752-5027346A4E15} = {CF8341E8-44BD-4602-87AC-D9203FF3F158}
		{441953DB-D3C6-455A-BA74-AA7B497B7FB3} = {CF8341E8-44BD-4602-87AC-D9203FF3F158}
		{B34E4939-AC61-4554-8606-C7980CC7401A} = {BB0C7694-EB82-4D68-A752-5027346A4E15}
		{A1111C28-BEB2-4BC8-BA8F-06C8F71FCDAA} = {BB0C7694-EB82-4D68-A752-5027346A4E15}
		{EC98892A-855B-4C0F-B2AF-1CCFCDCB2181} = {BB0C7694-EB82-4D68-A752-5027346A4E15}
		{C7DF7FF7-1879-4E3A-80D1-7CFE12DD9A49} = {BB0C7694-EB82-4D68-A752-5027346A4E15}
		{A7D8B1AC-BAF0-43BD-8472-92147AAC1801} = {BB0C7694-EB82-4D68-A752-5027346A4E15}
		{06605050-1B2F-4EA4-A9C9-4A4420923D79} = {BB0C7694-EB82-4D68-A752-5027346A4E15}
		{9EB1BEFE-AC55-4A48-8C52-F48E5574BCB0} = {BB0C7694-EB82-4D68-A752-5027346A4E15}
		{189AFCE6-C1A6-449F-B6F4-670544F975D7} = {BB0C7694-EB82-4D68-A752-5027346A4E15}
		{12A4CA08-E22B-47BE-AA64-EB7BBBF73224} = {BB0C7694-EB82-4D68-A752-5027346A4E15}
		{B6C9165A-746B-4EE5-8464-E3A75C97B074} = {BB0C7694-EB82-4D68-A752-5027346A4E15}
		{BF053C72-5A62-465B-BE14-5EA821F3C9DF} = {BB0C7694-EB82-4D68-A752-5027346A4E15}
		{F1593762-BFD5-4C3D-9A71-BE153D9E6407} = {BB0C7694-EB82-4D68-A752-5027346A4E15}
		{834FA6B2-2191-48C0-92BF-CC5F4401DA26} = {BB0C7694-EB82-4D68-A752-5027346A4E15}
		{E18C1821-C8BC-4904-9004-315E081333E8} = {BB0C7694-EB82-4D68-A752-5027346A4E15}
		{014BA213-8729-4BA5-BE38-B1858A4112BF} = {BB0C7694-EB82-4D68-A752-5027346A4E15}
		{AD337C9F-DF44-4CA8-B7D0-C29AC51ED9D4} = {BB0C7694-EB82-4D68-A752-5027346A4E15}
		{14AD3CA3-DCCD-46AA-A3CB-A9ADA04CE48F} = {BB0C7694-EB82-4D68-A752-5027346A4E15}
		{C492A6C9-65B7-42CA-B1ED-B4DA9A7DD3B2} = {BB0C7694-EB82-4D68-A752-5027346A4E15}
		{3E749AE4-3161-4DB9-BC58-E4741705655C} = {BB0C7694-EB82-4D68-A752-5027346A4E15}
		{A2E5D85C-0243-445C-8FE0-C082F6D236B4} = {BB0C7694-EB82-4D68-A752-5027346A4E15}
		{EA0D0E09-3DD7-40C9-969E-FF7C4079F4D9} = {BB0C7694-EB82-4D68-A752-5027346A4E15}
		{E65A5ABB-E39F-49DE-B259-3F2CE82919EA} = {BB0C7694-EB82-4D68-A752-5027346A4E15}
		{4FFCE810-99D9-406A-8083-4017122D862B} = {BB0C7694-EB82-4D68-A752-5027346A4E15}
		{7CDA36D7-21DD-46FA-92AF-6EB9C398FE3D} = {BB0C7694-EB82-4D68-A752-5027346A4E15}
		{CA5D4D72-2376-4AEF-9BEB-D9C6D1A2FC48} = {441953DB-D3C6-455A-BA74-AA7B497B7FB3}
		{6F391756-C881-448F-ADBE-01C5E8187AB5} = {441953DB-D3C6-455A-BA74-AA7B497B7FB3}
		{A4099655-BEFC-4BF1-AC58-C66CC66C2952} = {441953DB-D3C6-455A-BA74-AA7B497B7FB3}
		{135456E5-B8B4-414A-8812-2BEFA0866AFD} = {441953DB-D3C6-455A-BA74-AA7B497B7FB3}
		{67A2F2CF-E8A0-4482-9099-DB7833F1981B} = {441953DB-D3C6-455A-BA74-AA7B497B7FB3}
		{ABEDF863-DACF-482B-B32D-4F775A520818} = {441953DB-D3C6-455A-BA74-AA7B497B7FB3}
		{2CE03AD7-1795-4E92-906A-F9591E64D0DC} = {441953DB-D3C6-455A-BA74-AA7B497B7FB3}
		{CBACAC92-FB08-4DFC-B82C-0BA34C9965E9} = {441953DB-D3C6-455A-BA74-AA7B497B7FB3}
		{B4FBF61A-1E69-4A05-90B5-4A15E4429840} = {441953DB-D3C6-455A-BA74-AA7B497B7FB3}
		{E2931F0D-27AC-4CA2-82B8-3C8A73EFF504} = {441953DB-D3C6-455A-BA74-AA7B497B7FB3}
		{A61F8F57-E9BD-4CF6-BBC4-F9A9FE62A49D} = {441953DB-D3C6-455A-BA74-AA7B497B7FB3}
		{ED0B753C-1774-41EB-B9FB-56C9C9EE351D} = {441953DB-D3C6-455A-BA74-AA7B497B7FB3}
		{D5104047-685C-4924-B112-A1E5EC9EB790} = {441953DB-D3C6-455A-BA74-AA7B497B7FB3}
		{BF72A22A-8068-459C-884C-0E5C25BE8B32} = {441953DB-D3C6-455A-BA74-AA7B497B7FB3}
		{8A802B53-5BD9-4392-AFF4-F5E62A34BAB6} = {441953DB-D3C6-455A-BA74-AA7B497B7FB3}
		{CF63534E-19B7-445C-8B75-C3DDB8B12BF8} = {441953DB-D3C6-455A-BA74-AA7B497B7FB3}
		{F078B20E-574C-4936-952D-021DB08C7BC9} = {441953DB-D3C6-455A-BA74-AA7B497B7FB3}
		{71FAE58E-4211-4F61-85BC-A6E3B72947C8} = {441953DB-D3C6-455A-BA74-AA7B497B7FB3}
		{894A656A-9111-4FC5-AD40-3C5B133B3CC1} = {441953DB-D3C6-455A-BA74-AA7B497B7FB3}
		{1F88FF09-40ED-45F2-A23B-EBFF2C170998} = {441953DB-D3C6-455A-BA74-AA7B497B7FB3}
		{7758892A-2922-4641-A23C-B5DF49B01F0A} = {441953DB-D3C6-455A-BA74-AA7B497B7FB3}
		{D6983F1D-DDFF-4B4E-9B47-EDFE9EA46792} = {441953DB-D3C6-455A-BA74-AA7B497B7FB3}
		{1D83715F-0AE3-482E-B2FA-A1CC8978D259} = {441953DB-D3C6-455A-BA74-AA7B497B7FB3}
		{2E7D7461-5F1D-4113-BE16-E784B8D8321C} = {441953DB-D3C6-455A-BA74-AA7B497B7FB3}
		{A064F430-7CED-4AD2-AA16-8325A7AAE845} = {441953DB-D3C6-455A-BA74-AA7B497B7FB3}
		{373CD111-7FF2-4E6A-8116-6847D0E0947C} = {441953DB-D3C6-455A-BA74-AA7B497B7FB3}
	EndGlobalSection
	GlobalSection(ExtensibilityGlobals) = postSolution
		SolutionGuid = {C94A806B-B715-4F4F-91B0-6A2145EE983F}
	EndGlobalSection
EndGlobal
