
Microsoft Visual Studio Solution File, Format Version 12.00
# Visual Studio Version 17
VisualStudioVersion = 17.0.31903.59
MinimumVisualStudioVersion = 10.0.40219.1
Project("{9A19103F-16F7-4668-BE54-9A1E7A4F7556}") = "NaeTime.Client.Razor.Lib", "NaeTime.Client.Razor.Lib\NaeTime.Client.Razor.Lib.csproj", "{C07A0DE5-2F90-43FE-B207-2D606E015B79}"
EndProject
Project("{9A19103F-16F7-4668-BE54-9A1E7A4F7556}") = "NaeTime.Client.Razor", "NaeTime.Client.Razor\NaeTime.Client.Razor.csproj", "{8EFB8FF2-76DD-4AC3-9E1D-81E5BDA4F876}"
EndProject
Project("{9A19103F-16F7-4668-BE54-9A1E7A4F7556}") = "NaeTime.Client.MAUI", "NaeTime.Client.MAUI\NaeTime.Client.MAUI.csproj", "{617A2D1E-2AE9-4B8C-9EA5-29C84A45A2C9}"
EndProject
Project("{9A19103F-16F7-4668-BE54-9A1E7A4F7556}") = "NaeTime.Timing", "NaeTime.Timing\NaeTime.Timing.csproj", "{64DA0037-F42B-409D-8DE8-E09288D1837E}"
EndProject
Project("{9A19103F-16F7-4668-BE54-9A1E7A4F7556}") = "NaeTime.PubSub", "NaeTime.PubSub\NaeTime.PubSub.csproj", "{E949CCDC-B744-47A7-879B-6C54FEAA990C}"
EndProject
Project("{9A19103F-16F7-4668-BE54-9A1E7A4F7556}") = "NaeTime.Timing.ImmersionRC", "NaeTime.Timing.ImmersionRC\NaeTime.Timing.ImmersionRC.csproj", "{98320661-D504-4999-BECF-3D10761E9F74}"
EndProject
Project("{9A19103F-16F7-4668-BE54-9A1E7A4F7556}") = "ImmersionRC.LapRF", "ImmersionRC.LapRF\ImmersionRC.LapRF.csproj", "{11C550B1-F049-4F55-9AF1-B85086918549}"
EndProject
Project("{9A19103F-16F7-4668-BE54-9A1E7A4F7556}") = "NaeTime.Messages", "NaeTIme.Messages\NaeTime.Messages.csproj", "{AE42CE30-3E46-489E-A8B8-502CBD5455CD}"
EndProject
Project("{2150E333-8FDC-42A3-9474-1A3956D46DE8}") = "Solution Items", "Solution Items", "{11CB6C81-1F2C-48C9-8ADE-9A1E68E71141}"
EndProject
Project("{9A19103F-16F7-4668-BE54-9A1E7A4F7556}") = "NaeTime.Persistence", "NaeTime.Persistence\NaeTime.Persistence.csproj", "{624A4473-EBA3-485A-809E-4326FA8FEE05}"
EndProject
Project("{9A19103F-16F7-4668-BE54-9A1E7A4F7556}") = "NaeTime.Persistence.SQLite", "NaeTime.Persistence.SQLite\NaeTime.Persistence.SQLite.csproj", "{40C1C124-A882-48C1-819A-5D4B823F333D}"
EndProject
Project("{9A19103F-16F7-4668-BE54-9A1E7A4F7556}") = "NaeTime.Persistence.Client", "NaeTime.Persistence.Client\NaeTime.Persistence.Client.csproj", "{0A693974-B292-4B4E-8F9D-8D5261461692}"
EndProject
Project("{9A19103F-16F7-4668-BE54-9A1E7A4F7556}") = "NaeTime.Timing.Tests", "NaeTime.Timing.Tests\NaeTime.Timing.Tests.csproj", "{1280CAF9-ADD3-4083-8ED9-EC4064BFDC98}"
EndProject
Global
	GlobalSection(SolutionConfigurationPlatforms) = preSolution
		Debug|Any CPU = Debug|Any CPU
		Release|Any CPU = Release|Any CPU
	EndGlobalSection
	GlobalSection(ProjectConfigurationPlatforms) = postSolution
		{C07A0DE5-2F90-43FE-B207-2D606E015B79}.Debug|Any CPU.ActiveCfg = Debug|Any CPU
		{C07A0DE5-2F90-43FE-B207-2D606E015B79}.Debug|Any CPU.Build.0 = Debug|Any CPU
		{C07A0DE5-2F90-43FE-B207-2D606E015B79}.Release|Any CPU.ActiveCfg = Release|Any CPU
		{C07A0DE5-2F90-43FE-B207-2D606E015B79}.Release|Any CPU.Build.0 = Release|Any CPU
		{8EFB8FF2-76DD-4AC3-9E1D-81E5BDA4F876}.Debug|Any CPU.ActiveCfg = Debug|Any CPU
		{8EFB8FF2-76DD-4AC3-9E1D-81E5BDA4F876}.Debug|Any CPU.Build.0 = Debug|Any CPU
		{8EFB8FF2-76DD-4AC3-9E1D-81E5BDA4F876}.Release|Any CPU.ActiveCfg = Release|Any CPU
		{8EFB8FF2-76DD-4AC3-9E1D-81E5BDA4F876}.Release|Any CPU.Build.0 = Release|Any CPU
		{617A2D1E-2AE9-4B8C-9EA5-29C84A45A2C9}.Debug|Any CPU.ActiveCfg = Debug|Any CPU
		{617A2D1E-2AE9-4B8C-9EA5-29C84A45A2C9}.Debug|Any CPU.Build.0 = Debug|Any CPU
		{617A2D1E-2AE9-4B8C-9EA5-29C84A45A2C9}.Debug|Any CPU.Deploy.0 = Debug|Any CPU
		{617A2D1E-2AE9-4B8C-9EA5-29C84A45A2C9}.Release|Any CPU.ActiveCfg = Release|Any CPU
		{617A2D1E-2AE9-4B8C-9EA5-29C84A45A2C9}.Release|Any CPU.Build.0 = Release|Any CPU
		{617A2D1E-2AE9-4B8C-9EA5-29C84A45A2C9}.Release|Any CPU.Deploy.0 = Release|Any CPU
		{64DA0037-F42B-409D-8DE8-E09288D1837E}.Debug|Any CPU.ActiveCfg = Debug|Any CPU
		{64DA0037-F42B-409D-8DE8-E09288D1837E}.Debug|Any CPU.Build.0 = Debug|Any CPU
		{64DA0037-F42B-409D-8DE8-E09288D1837E}.Release|Any CPU.ActiveCfg = Release|Any CPU
		{64DA0037-F42B-409D-8DE8-E09288D1837E}.Release|Any CPU.Build.0 = Release|Any CPU
		{E949CCDC-B744-47A7-879B-6C54FEAA990C}.Debug|Any CPU.ActiveCfg = Debug|Any CPU
		{E949CCDC-B744-47A7-879B-6C54FEAA990C}.Debug|Any CPU.Build.0 = Debug|Any CPU
		{E949CCDC-B744-47A7-879B-6C54FEAA990C}.Release|Any CPU.ActiveCfg = Release|Any CPU
		{E949CCDC-B744-47A7-879B-6C54FEAA990C}.Release|Any CPU.Build.0 = Release|Any CPU
		{98320661-D504-4999-BECF-3D10761E9F74}.Debug|Any CPU.ActiveCfg = Debug|Any CPU
		{98320661-D504-4999-BECF-3D10761E9F74}.Debug|Any CPU.Build.0 = Debug|Any CPU
		{98320661-D504-4999-BECF-3D10761E9F74}.Release|Any CPU.ActiveCfg = Release|Any CPU
		{98320661-D504-4999-BECF-3D10761E9F74}.Release|Any CPU.Build.0 = Release|Any CPU
		{11C550B1-F049-4F55-9AF1-B85086918549}.Debug|Any CPU.ActiveCfg = Debug|Any CPU
		{11C550B1-F049-4F55-9AF1-B85086918549}.Debug|Any CPU.Build.0 = Debug|Any CPU
		{11C550B1-F049-4F55-9AF1-B85086918549}.Release|Any CPU.ActiveCfg = Release|Any CPU
		{11C550B1-F049-4F55-9AF1-B85086918549}.Release|Any CPU.Build.0 = Release|Any CPU
		{AE42CE30-3E46-489E-A8B8-502CBD5455CD}.Debug|Any CPU.ActiveCfg = Debug|Any CPU
		{AE42CE30-3E46-489E-A8B8-502CBD5455CD}.Debug|Any CPU.Build.0 = Debug|Any CPU
		{AE42CE30-3E46-489E-A8B8-502CBD5455CD}.Release|Any CPU.ActiveCfg = Release|Any CPU
		{AE42CE30-3E46-489E-A8B8-502CBD5455CD}.Release|Any CPU.Build.0 = Release|Any CPU
		{624A4473-EBA3-485A-809E-4326FA8FEE05}.Debug|Any CPU.ActiveCfg = Debug|Any CPU
		{624A4473-EBA3-485A-809E-4326FA8FEE05}.Debug|Any CPU.Build.0 = Debug|Any CPU
		{624A4473-EBA3-485A-809E-4326FA8FEE05}.Release|Any CPU.ActiveCfg = Release|Any CPU
		{624A4473-EBA3-485A-809E-4326FA8FEE05}.Release|Any CPU.Build.0 = Release|Any CPU
		{40C1C124-A882-48C1-819A-5D4B823F333D}.Debug|Any CPU.ActiveCfg = Debug|Any CPU
		{40C1C124-A882-48C1-819A-5D4B823F333D}.Debug|Any CPU.Build.0 = Debug|Any CPU
		{40C1C124-A882-48C1-819A-5D4B823F333D}.Release|Any CPU.ActiveCfg = Release|Any CPU
		{40C1C124-A882-48C1-819A-5D4B823F333D}.Release|Any CPU.Build.0 = Release|Any CPU
		{0A693974-B292-4B4E-8F9D-8D5261461692}.Debug|Any CPU.ActiveCfg = Debug|Any CPU
		{0A693974-B292-4B4E-8F9D-8D5261461692}.Debug|Any CPU.Build.0 = Debug|Any CPU
		{0A693974-B292-4B4E-8F9D-8D5261461692}.Release|Any CPU.ActiveCfg = Release|Any CPU
		{0A693974-B292-4B4E-8F9D-8D5261461692}.Release|Any CPU.Build.0 = Release|Any CPU
		{1280CAF9-ADD3-4083-8ED9-EC4064BFDC98}.Debug|Any CPU.ActiveCfg = Debug|Any CPU
		{1280CAF9-ADD3-4083-8ED9-EC4064BFDC98}.Debug|Any CPU.Build.0 = Debug|Any CPU
		{1280CAF9-ADD3-4083-8ED9-EC4064BFDC98}.Release|Any CPU.ActiveCfg = Release|Any CPU
		{1280CAF9-ADD3-4083-8ED9-EC4064BFDC98}.Release|Any CPU.Build.0 = Release|Any CPU
	EndGlobalSection
	GlobalSection(SolutionProperties) = preSolution
		HideSolutionNode = FALSE
	EndGlobalSection
	GlobalSection(ExtensibilityGlobals) = postSolution
		SolutionGuid = {82CDEC6F-9E00-4506-834F-C4B29556E773}
	EndGlobalSection
EndGlobal
