
Microsoft Visual Studio Solution File, Format Version 12.00
# Visual Studio Version 17
VisualStudioVersion = 17.0.31903.59
MinimumVisualStudioVersion = 10.0.40219.1
Project("{9A19103F-16F7-4668-BE54-9A1E7A4F7556}") = "NaeTime.Client.Razor.Lib", "NaeTime.Client.Razor.Lib\NaeTime.Client.Razor.Lib.csproj", "{C07A0DE5-2F90-43FE-B207-2D606E015B79}"
EndProject
Project("{9A19103F-16F7-4668-BE54-9A1E7A4F7556}") = "ImmersionRC.LapRF", "ImmersionRC.LapRF\ImmersionRC.LapRF.csproj", "{11C550B1-F049-4F55-9AF1-B85086918549}"
EndProject
Project("{2150E333-8FDC-42A3-9474-1A3956D46DE8}") = "Solution Items", "Solution Items", "{11CB6C81-1F2C-48C9-8ADE-9A1E68E71141}"
EndProject
Project("{9A19103F-16F7-4668-BE54-9A1E7A4F7556}") = "NaeTime.Announcer", "NaeTime.Announcer\NaeTime.Announcer.csproj", "{46F6388D-5178-4BE7-ACCA-F49075976DA1}"
EndProject
Project("{2150E333-8FDC-42A3-9474-1A3956D46DE8}") = "src", "src", "{FE1F80A0-C750-4F42-9C16-9BC8B4B004BA}"
EndProject
Project("{2150E333-8FDC-42A3-9474-1A3956D46DE8}") = "hardware", "hardware", "{63D26510-EF4F-4018-B9DA-750A17E00448}"
EndProject
Project("{2150E333-8FDC-42A3-9474-1A3956D46DE8}") = "lib", "lib", "{A3F53932-628F-41A7-A71D-51E8DC37C536}"
EndProject
Project("{9A19103F-16F7-4668-BE54-9A1E7A4F7556}") = "NaeTime.Hardware.ImmersionRC", "NaeTime.Hardware.ImmersionRC\NaeTime.Hardware.ImmersionRC.csproj", "{1BB55F5D-B221-42E1-B46C-86DDC94B3023}"
EndProject
Project("{9A19103F-16F7-4668-BE54-9A1E7A4F7556}") = "NaeTime.Hardware", "NaeTime.Hardware\NaeTime.Hardware.csproj", "{6F3D62CE-F570-4CAA-8402-1E964562DECB}"
EndProject
Project("{2150E333-8FDC-42A3-9474-1A3956D46DE8}") = "announcer", "announcer", "{BBDFE501-E12E-4D33-AB90-01C344B88BC2}"
EndProject
Project("{9A19103F-16F7-4668-BE54-9A1E7A4F7556}") = "NaeTime.Client.Configuration", "NaeTime.Client.Configuration\NaeTime.Client.Configuration.csproj", "{0648E7B0-7046-4F5E-91B0-F7977FE8CA94}"
EndProject
Project("{9A19103F-16F7-4668-BE54-9A1E7A4F7556}") = "NaeTime.SQLite", "NaeTime.SQLite\NaeTime.SQLite.csproj", "{A171FB78-2315-4A3D-AA09-F36503B65408}"
EndProject
Project("{2150E333-8FDC-42A3-9474-1A3956D46DE8}") = "client", "client", "{03963406-DD21-4DF5-BC06-9FAAF080D8FE}"
EndProject
Project("{FAE04EC0-301F-11D3-BF4B-00C04F79EFBC}") = "NaeTime.Hardware.Node.Esp32", "NaeTime.Hardware.Node.Esp32\NaeTime.Hardware.Node.Esp32.csproj", "{3D8554FB-924A-4203-86F3-CE477CEFEB2B}"
EndProject
Project("{FAE04EC0-301F-11D3-BF4B-00C04F79EFBC}") = "NaeTime.Bytes", "NaeTime.Bytes\NaeTime.Bytes.csproj", "{C12CB28C-8A77-4798-89A3-003548FD85D8}"
EndProject
Project("{FAE04EC0-301F-11D3-BF4B-00C04F79EFBC}") = "EventDbLite", "EventDbLite\EventDbLite.csproj", "{5B3EF442-4B80-440B-85C5-D0E18AE19649}"
EndProject
Project("{FAE04EC0-301F-11D3-BF4B-00C04F79EFBC}") = "NaeTime.Events", "NaeTime.Events\NaeTime.Events.csproj", "{660727FC-F200-4112-B433-B001FB76BD22}"
EndProject
Project("{FAE04EC0-301F-11D3-BF4B-00C04F79EFBC}") = "NaeTime.Query", "NaeTime.Query\NaeTime.Query.csproj", "{C4383B4D-2A31-40C3-A1FE-978E06CDFECE}"
EndProject
Project("{FAE04EC0-301F-11D3-BF4B-00C04F79EFBC}") = "NaeTime.Query.Abstractions", "NaeTime.Query.Abstractions\NaeTime.Query.Abstractions.csproj", "{1F248721-6D8B-4757-B11A-693F80FC38EF}"
EndProject
Project("{FAE04EC0-301F-11D3-BF4B-00C04F79EFBC}") = "NaeTime.Command.Abstractions", "NaeTime.Command.Abstractions\NaeTime.Command.Abstractions.csproj", "{A063198C-58C7-44E6-AF3D-0A0580298B6E}"
EndProject
Project("{FAE04EC0-301F-11D3-BF4B-00C04F79EFBC}") = "NaeTime.Command", "NaeTime.Command\NaeTime.Command.csproj", "{255A849E-66C5-474D-9084-6023CEDF1F46}"
EndProject
Project("{FAE04EC0-301F-11D3-BF4B-00C04F79EFBC}") = "NaeTime.Collections", "NaeTime.Collections\NaeTime.Collections.csproj", "{3EAE6BB7-550F-46BF-7E0D-4165DF8D3052}"
EndProject
Project("{FAE04EC0-301F-11D3-BF4B-00C04F79EFBC}") = "NaeTime.Client.BlazorWebApp", "NaeTime.Client.BlazorWebApp\NaeTime.Client.BlazorWebApp\NaeTime.Client.BlazorWebApp.csproj", "{01A79A41-DB54-44B2-A821-FFDACC2AF352}"
EndProject
Project("{FAE04EC0-301F-11D3-BF4B-00C04F79EFBC}") = "NaeTime.Client.BlazorWebApp.Client", "NaeTime.Client.BlazorWebApp\NaeTime.Client.BlazorWebApp.Client\NaeTime.Client.BlazorWebApp.Client.csproj", "{F912DEBB-E261-4096-A973-EC77AAC029DC}"
EndProject
Project("{FAE04EC0-301F-11D3-BF4B-00C04F79EFBC}") = "NaeTime.Client", "NaeTime.Client\NaeTime.Client.csproj", "{91EB0DD4-CF25-4A65-B5B3-071210444428}"
EndProject
Project("{FAE04EC0-301F-11D3-BF4B-00C04F79EFBC}") = "NaeTime.Reactions", "NaeTime.Reactions\NaeTime.Reactions.csproj", "{D3BCEF2B-C63E-4F92-A7ED-2C20F7A2C20C}"
EndProject
Global
	GlobalSection(SolutionConfigurationPlatforms) = preSolution
		Debug|Any CPU = Debug|Any CPU
		Release|Any CPU = Release|Any CPU
	EndGlobalSection
	GlobalSection(ProjectConfigurationPlatforms) = postSolution
		{C07A0DE5-2F90-43FE-B207-2D606E015B79}.Debug|Any CPU.ActiveCfg = Debug|Any CPU
		{C07A0DE5-2F90-43FE-B207-2D606E015B79}.Debug|Any CPU.Build.0 = Debug|Any CPU
		{C07A0DE5-2F90-43FE-B207-2D606E015B79}.Release|Any CPU.ActiveCfg = Release|Any CPU
		{C07A0DE5-2F90-43FE-B207-2D606E015B79}.Release|Any CPU.Build.0 = Release|Any CPU
		{11C550B1-F049-4F55-9AF1-B85086918549}.Debug|Any CPU.ActiveCfg = Debug|Any CPU
		{11C550B1-F049-4F55-9AF1-B85086918549}.Debug|Any CPU.Build.0 = Debug|Any CPU
		{11C550B1-F049-4F55-9AF1-B85086918549}.Release|Any CPU.ActiveCfg = Release|Any CPU
		{11C550B1-F049-4F55-9AF1-B85086918549}.Release|Any CPU.Build.0 = Release|Any CPU
		{46F6388D-5178-4BE7-ACCA-F49075976DA1}.Debug|Any CPU.ActiveCfg = Debug|Any CPU
		{46F6388D-5178-4BE7-ACCA-F49075976DA1}.Debug|Any CPU.Build.0 = Debug|Any CPU
		{46F6388D-5178-4BE7-ACCA-F49075976DA1}.Release|Any CPU.ActiveCfg = Release|Any CPU
		{46F6388D-5178-4BE7-ACCA-F49075976DA1}.Release|Any CPU.Build.0 = Release|Any CPU
		{1BB55F5D-B221-42E1-B46C-86DDC94B3023}.Debug|Any CPU.ActiveCfg = Debug|Any CPU
		{1BB55F5D-B221-42E1-B46C-86DDC94B3023}.Debug|Any CPU.Build.0 = Debug|Any CPU
		{1BB55F5D-B221-42E1-B46C-86DDC94B3023}.Release|Any CPU.ActiveCfg = Release|Any CPU
		{1BB55F5D-B221-42E1-B46C-86DDC94B3023}.Release|Any CPU.Build.0 = Release|Any CPU
		{6F3D62CE-F570-4CAA-8402-1E964562DECB}.Debug|Any CPU.ActiveCfg = Debug|Any CPU
		{6F3D62CE-F570-4CAA-8402-1E964562DECB}.Debug|Any CPU.Build.0 = Debug|Any CPU
		{6F3D62CE-F570-4CAA-8402-1E964562DECB}.Release|Any CPU.ActiveCfg = Release|Any CPU
		{6F3D62CE-F570-4CAA-8402-1E964562DECB}.Release|Any CPU.Build.0 = Release|Any CPU
		{0648E7B0-7046-4F5E-91B0-F7977FE8CA94}.Debug|Any CPU.ActiveCfg = Debug|Any CPU
		{0648E7B0-7046-4F5E-91B0-F7977FE8CA94}.Debug|Any CPU.Build.0 = Debug|Any CPU
		{0648E7B0-7046-4F5E-91B0-F7977FE8CA94}.Release|Any CPU.ActiveCfg = Release|Any CPU
		{0648E7B0-7046-4F5E-91B0-F7977FE8CA94}.Release|Any CPU.Build.0 = Release|Any CPU
		{A171FB78-2315-4A3D-AA09-F36503B65408}.Debug|Any CPU.ActiveCfg = Debug|Any CPU
		{A171FB78-2315-4A3D-AA09-F36503B65408}.Debug|Any CPU.Build.0 = Debug|Any CPU
		{A171FB78-2315-4A3D-AA09-F36503B65408}.Release|Any CPU.ActiveCfg = Release|Any CPU
		{A171FB78-2315-4A3D-AA09-F36503B65408}.Release|Any CPU.Build.0 = Release|Any CPU
		{3D8554FB-924A-4203-86F3-CE477CEFEB2B}.Debug|Any CPU.ActiveCfg = Debug|Any CPU
		{3D8554FB-924A-4203-86F3-CE477CEFEB2B}.Debug|Any CPU.Build.0 = Debug|Any CPU
		{3D8554FB-924A-4203-86F3-CE477CEFEB2B}.Release|Any CPU.ActiveCfg = Release|Any CPU
		{3D8554FB-924A-4203-86F3-CE477CEFEB2B}.Release|Any CPU.Build.0 = Release|Any CPU
		{C12CB28C-8A77-4798-89A3-003548FD85D8}.Debug|Any CPU.ActiveCfg = Debug|Any CPU
		{C12CB28C-8A77-4798-89A3-003548FD85D8}.Debug|Any CPU.Build.0 = Debug|Any CPU
		{C12CB28C-8A77-4798-89A3-003548FD85D8}.Release|Any CPU.ActiveCfg = Release|Any CPU
		{C12CB28C-8A77-4798-89A3-003548FD85D8}.Release|Any CPU.Build.0 = Release|Any CPU
		{5B3EF442-4B80-440B-85C5-D0E18AE19649}.Debug|Any CPU.ActiveCfg = Debug|Any CPU
		{5B3EF442-4B80-440B-85C5-D0E18AE19649}.Debug|Any CPU.Build.0 = Debug|Any CPU
		{5B3EF442-4B80-440B-85C5-D0E18AE19649}.Release|Any CPU.ActiveCfg = Release|Any CPU
		{5B3EF442-4B80-440B-85C5-D0E18AE19649}.Release|Any CPU.Build.0 = Release|Any CPU
		{660727FC-F200-4112-B433-B001FB76BD22}.Debug|Any CPU.ActiveCfg = Debug|Any CPU
		{660727FC-F200-4112-B433-B001FB76BD22}.Debug|Any CPU.Build.0 = Debug|Any CPU
		{660727FC-F200-4112-B433-B001FB76BD22}.Release|Any CPU.ActiveCfg = Release|Any CPU
		{660727FC-F200-4112-B433-B001FB76BD22}.Release|Any CPU.Build.0 = Release|Any CPU
		{C4383B4D-2A31-40C3-A1FE-978E06CDFECE}.Debug|Any CPU.ActiveCfg = Debug|Any CPU
		{C4383B4D-2A31-40C3-A1FE-978E06CDFECE}.Debug|Any CPU.Build.0 = Debug|Any CPU
		{C4383B4D-2A31-40C3-A1FE-978E06CDFECE}.Release|Any CPU.ActiveCfg = Release|Any CPU
		{C4383B4D-2A31-40C3-A1FE-978E06CDFECE}.Release|Any CPU.Build.0 = Release|Any CPU
		{1F248721-6D8B-4757-B11A-693F80FC38EF}.Debug|Any CPU.ActiveCfg = Debug|Any CPU
		{1F248721-6D8B-4757-B11A-693F80FC38EF}.Debug|Any CPU.Build.0 = Debug|Any CPU
		{1F248721-6D8B-4757-B11A-693F80FC38EF}.Release|Any CPU.ActiveCfg = Release|Any CPU
		{1F248721-6D8B-4757-B11A-693F80FC38EF}.Release|Any CPU.Build.0 = Release|Any CPU
		{A063198C-58C7-44E6-AF3D-0A0580298B6E}.Debug|Any CPU.ActiveCfg = Debug|Any CPU
		{A063198C-58C7-44E6-AF3D-0A0580298B6E}.Debug|Any CPU.Build.0 = Debug|Any CPU
		{A063198C-58C7-44E6-AF3D-0A0580298B6E}.Release|Any CPU.ActiveCfg = Release|Any CPU
		{A063198C-58C7-44E6-AF3D-0A0580298B6E}.Release|Any CPU.Build.0 = Release|Any CPU
		{255A849E-66C5-474D-9084-6023CEDF1F46}.Debug|Any CPU.ActiveCfg = Debug|Any CPU
		{255A849E-66C5-474D-9084-6023CEDF1F46}.Debug|Any CPU.Build.0 = Debug|Any CPU
		{255A849E-66C5-474D-9084-6023CEDF1F46}.Release|Any CPU.ActiveCfg = Release|Any CPU
		{255A849E-66C5-474D-9084-6023CEDF1F46}.Release|Any CPU.Build.0 = Release|Any CPU
		{3EAE6BB7-550F-46BF-7E0D-4165DF8D3052}.Debug|Any CPU.ActiveCfg = Debug|Any CPU
		{3EAE6BB7-550F-46BF-7E0D-4165DF8D3052}.Debug|Any CPU.Build.0 = Debug|Any CPU
		{3EAE6BB7-550F-46BF-7E0D-4165DF8D3052}.Release|Any CPU.ActiveCfg = Release|Any CPU
		{3EAE6BB7-550F-46BF-7E0D-4165DF8D3052}.Release|Any CPU.Build.0 = Release|Any CPU
		{01A79A41-DB54-44B2-A821-FFDACC2AF352}.Debug|Any CPU.ActiveCfg = Debug|Any CPU
		{01A79A41-DB54-44B2-A821-FFDACC2AF352}.Debug|Any CPU.Build.0 = Debug|Any CPU
		{01A79A41-DB54-44B2-A821-FFDACC2AF352}.Release|Any CPU.ActiveCfg = Release|Any CPU
		{01A79A41-DB54-44B2-A821-FFDACC2AF352}.Release|Any CPU.Build.0 = Release|Any CPU
		{F912DEBB-E261-4096-A973-EC77AAC029DC}.Debug|Any CPU.ActiveCfg = Debug|Any CPU
		{F912DEBB-E261-4096-A973-EC77AAC029DC}.Debug|Any CPU.Build.0 = Debug|Any CPU
		{F912DEBB-E261-4096-A973-EC77AAC029DC}.Release|Any CPU.ActiveCfg = Release|Any CPU
		{F912DEBB-E261-4096-A973-EC77AAC029DC}.Release|Any CPU.Build.0 = Release|Any CPU
		{91EB0DD4-CF25-4A65-B5B3-071210444428}.Debug|Any CPU.ActiveCfg = Debug|Any CPU
		{91EB0DD4-CF25-4A65-B5B3-071210444428}.Debug|Any CPU.Build.0 = Debug|Any CPU
		{91EB0DD4-CF25-4A65-B5B3-071210444428}.Release|Any CPU.ActiveCfg = Release|Any CPU
		{91EB0DD4-CF25-4A65-B5B3-071210444428}.Release|Any CPU.Build.0 = Release|Any CPU
		{D3BCEF2B-C63E-4F92-A7ED-2C20F7A2C20C}.Debug|Any CPU.ActiveCfg = Debug|Any CPU
		{D3BCEF2B-C63E-4F92-A7ED-2C20F7A2C20C}.Debug|Any CPU.Build.0 = Debug|Any CPU
		{D3BCEF2B-C63E-4F92-A7ED-2C20F7A2C20C}.Release|Any CPU.ActiveCfg = Release|Any CPU
		{D3BCEF2B-C63E-4F92-A7ED-2C20F7A2C20C}.Release|Any CPU.Build.0 = Release|Any CPU
	EndGlobalSection
	GlobalSection(SolutionProperties) = preSolution
		HideSolutionNode = FALSE
	EndGlobalSection
	GlobalSection(NestedProjects) = preSolution
		{C07A0DE5-2F90-43FE-B207-2D606E015B79} = {03963406-DD21-4DF5-BC06-9FAAF080D8FE}
		{11C550B1-F049-4F55-9AF1-B85086918549} = {A3F53932-628F-41A7-A71D-51E8DC37C536}
		{46F6388D-5178-4BE7-ACCA-F49075976DA1} = {BBDFE501-E12E-4D33-AB90-01C344B88BC2}
		{63D26510-EF4F-4018-B9DA-750A17E00448} = {FE1F80A0-C750-4F42-9C16-9BC8B4B004BA}
		{A3F53932-628F-41A7-A71D-51E8DC37C536} = {FE1F80A0-C750-4F42-9C16-9BC8B4B004BA}
		{1BB55F5D-B221-42E1-B46C-86DDC94B3023} = {63D26510-EF4F-4018-B9DA-750A17E00448}
		{6F3D62CE-F570-4CAA-8402-1E964562DECB} = {63D26510-EF4F-4018-B9DA-750A17E00448}
		{BBDFE501-E12E-4D33-AB90-01C344B88BC2} = {FE1F80A0-C750-4F42-9C16-9BC8B4B004BA}
		{0648E7B0-7046-4F5E-91B0-F7977FE8CA94} = {03963406-DD21-4DF5-BC06-9FAAF080D8FE}
		{A171FB78-2315-4A3D-AA09-F36503B65408} = {A3F53932-628F-41A7-A71D-51E8DC37C536}
		{03963406-DD21-4DF5-BC06-9FAAF080D8FE} = {FE1F80A0-C750-4F42-9C16-9BC8B4B004BA}
		{3D8554FB-924A-4203-86F3-CE477CEFEB2B} = {63D26510-EF4F-4018-B9DA-750A17E00448}
		{C12CB28C-8A77-4798-89A3-003548FD85D8} = {A3F53932-628F-41A7-A71D-51E8DC37C536}
		{5B3EF442-4B80-440B-85C5-D0E18AE19649} = {A3F53932-628F-41A7-A71D-51E8DC37C536}
		{660727FC-F200-4112-B433-B001FB76BD22} = {FE1F80A0-C750-4F42-9C16-9BC8B4B004BA}
		{C4383B4D-2A31-40C3-A1FE-978E06CDFECE} = {FE1F80A0-C750-4F42-9C16-9BC8B4B004BA}
		{1F248721-6D8B-4757-B11A-693F80FC38EF} = {FE1F80A0-C750-4F42-9C16-9BC8B4B004BA}
		{A063198C-58C7-44E6-AF3D-0A0580298B6E} = {FE1F80A0-C750-4F42-9C16-9BC8B4B004BA}
		{255A849E-66C5-474D-9084-6023CEDF1F46} = {FE1F80A0-C750-4F42-9C16-9BC8B4B004BA}
		{3EAE6BB7-550F-46BF-7E0D-4165DF8D3052} = {A3F53932-628F-41A7-A71D-51E8DC37C536}
		{01A79A41-DB54-44B2-A821-FFDACC2AF352} = {03963406-DD21-4DF5-BC06-9FAAF080D8FE}
		{F912DEBB-E261-4096-A973-EC77AAC029DC} = {03963406-DD21-4DF5-BC06-9FAAF080D8FE}
		{91EB0DD4-CF25-4A65-B5B3-071210444428} = {03963406-DD21-4DF5-BC06-9FAAF080D8FE}
		{D3BCEF2B-C63E-4F92-A7ED-2C20F7A2C20C} = {FE1F80A0-C750-4F42-9C16-9BC8B4B004BA}
	EndGlobalSection
	GlobalSection(ExtensibilityGlobals) = postSolution
		SolutionGuid = {82CDEC6F-9E00-4506-834F-C4B29556E773}
	EndGlobalSection
EndGlobal
