
Microsoft Visual Studio Solution File, Format Version 12.00
# Visual Studio Version 17
VisualStudioVersion = 17.0.31903.59
MinimumVisualStudioVersion = 10.0.40219.1
Project("{9A19103F-16F7-4668-BE54-9A1E7A4F7556}") = "NaeTime.Client.Razor.Lib.SQlite", "NaeTime.Client.Razor.Lib.SQlite\NaeTime.Client.Razor.Lib.SQlite.csproj", "{1763AF00-1E0E-499C-BE1E-7710B493A652}"
EndProject
Project("{9A19103F-16F7-4668-BE54-9A1E7A4F7556}") = "NaeTime.Client.Razor.Lib", "NaeTime.Client.Razor.Lib\NaeTime.Client.Razor.Lib.csproj", "{C07A0DE5-2F90-43FE-B207-2D606E015B79}"
EndProject
Project("{9A19103F-16F7-4668-BE54-9A1E7A4F7556}") = "NaeTime.Client.Razor", "NaeTime.Client.Razor\NaeTime.Client.Razor.csproj", "{8EFB8FF2-76DD-4AC3-9E1D-81E5BDA4F876}"
EndProject
Project("{9A19103F-16F7-4668-BE54-9A1E7A4F7556}") = "NaeTime.Client.MAUI", "NaeTime.Client.MAUI\NaeTime.Client.MAUI.csproj", "{617A2D1E-2AE9-4B8C-9EA5-29C84A45A2C9}"
EndProject
Project("{9A19103F-16F7-4668-BE54-9A1E7A4F7556}") = "NaeTime.Client.Razor.Lib.WebApi", "NaeTime.Client.Razor.Lib.WebApi\NaeTime.Client.Razor.Lib.WebApi.csproj", "{508F0460-069B-4C43-9C26-CDBFD1D45310}"
EndProject
Project("{9A19103F-16F7-4668-BE54-9A1E7A4F7556}") = "NaeTime.Timing.Abstractions", "NaeTime.Timing.Abstractions\NaeTime.Timing.Abstractions.csproj", "{3801B406-5DAB-48C2-8F4F-E8080503114F}"
EndProject
Project("{9A19103F-16F7-4668-BE54-9A1E7A4F7556}") = "NaeTime.Timing", "NaeTime.Timing\NaeTime.Timing.csproj", "{64DA0037-F42B-409D-8DE8-E09288D1837E}"
EndProject
Project("{9A19103F-16F7-4668-BE54-9A1E7A4F7556}") = "NaeTime.PubSub", "NaeTime.PubSub\NaeTime.PubSub.csproj", "{E949CCDC-B744-47A7-879B-6C54FEAA990C}"
EndProject
Project("{9A19103F-16F7-4668-BE54-9A1E7A4F7556}") = "NaeTime.Timing.ImmersionRC", "NaeTime.Timing.ImmersionRC\NaeTime.Timing.ImmersionRC.csproj", "{98320661-D504-4999-BECF-3D10761E9F74}"
EndProject
Project("{9A19103F-16F7-4668-BE54-9A1E7A4F7556}") = "ImmersionRC.LapRF", "ImmersionRC.LapRF\ImmersionRC.LapRF.csproj", "{11C550B1-F049-4F55-9AF1-B85086918549}"
EndProject
Project("{9A19103F-16F7-4668-BE54-9A1E7A4F7556}") = "NaeTime.Client.Shared", "NaeTime.Client.Shared\NaeTime.Client.Shared.csproj", "{4F2D8EDA-7A8A-488C-AA2C-741882A63D1E}"
EndProject
Global
	GlobalSection(SolutionConfigurationPlatforms) = preSolution
		Debug|Any CPU = Debug|Any CPU
		Release|Any CPU = Release|Any CPU
	EndGlobalSection
	GlobalSection(ProjectConfigurationPlatforms) = postSolution
		{1763AF00-1E0E-499C-BE1E-7710B493A652}.Debug|Any CPU.ActiveCfg = Debug|Any CPU
		{1763AF00-1E0E-499C-BE1E-7710B493A652}.Debug|Any CPU.Build.0 = Debug|Any CPU
		{1763AF00-1E0E-499C-BE1E-7710B493A652}.Release|Any CPU.ActiveCfg = Release|Any CPU
		{1763AF00-1E0E-499C-BE1E-7710B493A652}.Release|Any CPU.Build.0 = Release|Any CPU
		{C07A0DE5-2F90-43FE-B207-2D606E015B79}.Debug|Any CPU.ActiveCfg = Debug|Any CPU
		{C07A0DE5-2F90-43FE-B207-2D606E015B79}.Debug|Any CPU.Build.0 = Debug|Any CPU
		{C07A0DE5-2F90-43FE-B207-2D606E015B79}.Release|Any CPU.ActiveCfg = Release|Any CPU
		{C07A0DE5-2F90-43FE-B207-2D606E015B79}.Release|Any CPU.Build.0 = Release|Any CPU
		{8EFB8FF2-76DD-4AC3-9E1D-81E5BDA4F876}.Debug|Any CPU.ActiveCfg = Debug|Any CPU
		{8EFB8FF2-76DD-4AC3-9E1D-81E5BDA4F876}.Debug|Any CPU.Build.0 = Debug|Any CPU
		{8EFB8FF2-76DD-4AC3-9E1D-81E5BDA4F876}.Release|Any CPU.ActiveCfg = Release|Any CPU
		{8EFB8FF2-76DD-4AC3-9E1D-81E5BDA4F876}.Release|Any CPU.Build.0 = Release|Any CPU
		{617A2D1E-2AE9-4B8C-9EA5-29C84A45A2C9}.Debug|Any CPU.ActiveCfg = Debug|Any CPU
		{617A2D1E-2AE9-4B8C-9EA5-29C84A45A2C9}.Debug|Any CPU.Build.0 = Debug|Any CPU
		{617A2D1E-2AE9-4B8C-9EA5-29C84A45A2C9}.Debug|Any CPU.Deploy.0 = Debug|Any CPU
		{617A2D1E-2AE9-4B8C-9EA5-29C84A45A2C9}.Release|Any CPU.ActiveCfg = Release|Any CPU
		{617A2D1E-2AE9-4B8C-9EA5-29C84A45A2C9}.Release|Any CPU.Build.0 = Release|Any CPU
		{617A2D1E-2AE9-4B8C-9EA5-29C84A45A2C9}.Release|Any CPU.Deploy.0 = Release|Any CPU
		{508F0460-069B-4C43-9C26-CDBFD1D45310}.Debug|Any CPU.ActiveCfg = Debug|Any CPU
		{508F0460-069B-4C43-9C26-CDBFD1D45310}.Debug|Any CPU.Build.0 = Debug|Any CPU
		{508F0460-069B-4C43-9C26-CDBFD1D45310}.Release|Any CPU.ActiveCfg = Release|Any CPU
		{508F0460-069B-4C43-9C26-CDBFD1D45310}.Release|Any CPU.Build.0 = Release|Any CPU
		{3801B406-5DAB-48C2-8F4F-E8080503114F}.Debug|Any CPU.ActiveCfg = Debug|Any CPU
		{3801B406-5DAB-48C2-8F4F-E8080503114F}.Debug|Any CPU.Build.0 = Debug|Any CPU
		{3801B406-5DAB-48C2-8F4F-E8080503114F}.Release|Any CPU.ActiveCfg = Release|Any CPU
		{3801B406-5DAB-48C2-8F4F-E8080503114F}.Release|Any CPU.Build.0 = Release|Any CPU
		{64DA0037-F42B-409D-8DE8-E09288D1837E}.Debug|Any CPU.ActiveCfg = Debug|Any CPU
		{64DA0037-F42B-409D-8DE8-E09288D1837E}.Debug|Any CPU.Build.0 = Debug|Any CPU
		{64DA0037-F42B-409D-8DE8-E09288D1837E}.Release|Any CPU.ActiveCfg = Release|Any CPU
		{64DA0037-F42B-409D-8DE8-E09288D1837E}.Release|Any CPU.Build.0 = Release|Any CPU
		{E949CCDC-B744-47A7-879B-6C54FEAA990C}.Debug|Any CPU.ActiveCfg = Debug|Any CPU
		{E949CCDC-B744-47A7-879B-6C54FEAA990C}.Debug|Any CPU.Build.0 = Debug|Any CPU
		{E949CCDC-B744-47A7-879B-6C54FEAA990C}.Release|Any CPU.ActiveCfg = Release|Any CPU
		{E949CCDC-B744-47A7-879B-6C54FEAA990C}.Release|Any CPU.Build.0 = Release|Any CPU
		{98320661-D504-4999-BECF-3D10761E9F74}.Debug|Any CPU.ActiveCfg = Debug|Any CPU
		{98320661-D504-4999-BECF-3D10761E9F74}.Debug|Any CPU.Build.0 = Debug|Any CPU
		{98320661-D504-4999-BECF-3D10761E9F74}.Release|Any CPU.ActiveCfg = Release|Any CPU
		{98320661-D504-4999-BECF-3D10761E9F74}.Release|Any CPU.Build.0 = Release|Any CPU
		{11C550B1-F049-4F55-9AF1-B85086918549}.Debug|Any CPU.ActiveCfg = Debug|Any CPU
		{11C550B1-F049-4F55-9AF1-B85086918549}.Debug|Any CPU.Build.0 = Debug|Any CPU
		{11C550B1-F049-4F55-9AF1-B85086918549}.Release|Any CPU.ActiveCfg = Release|Any CPU
		{11C550B1-F049-4F55-9AF1-B85086918549}.Release|Any CPU.Build.0 = Release|Any CPU
		{4F2D8EDA-7A8A-488C-AA2C-741882A63D1E}.Debug|Any CPU.ActiveCfg = Debug|Any CPU
		{4F2D8EDA-7A8A-488C-AA2C-741882A63D1E}.Debug|Any CPU.Build.0 = Debug|Any CPU
		{4F2D8EDA-7A8A-488C-AA2C-741882A63D1E}.Release|Any CPU.ActiveCfg = Release|Any CPU
		{4F2D8EDA-7A8A-488C-AA2C-741882A63D1E}.Release|Any CPU.Build.0 = Release|Any CPU
	EndGlobalSection
	GlobalSection(SolutionProperties) = preSolution
		HideSolutionNode = FALSE
	EndGlobalSection
	GlobalSection(ExtensibilityGlobals) = postSolution
		SolutionGuid = {82CDEC6F-9E00-4506-834F-C4B29556E773}
	EndGlobalSection
EndGlobal
