
Microsoft Visual Studio Solution File, Format Version 12.00
# Visual Studio Version 17
VisualStudioVersion = 17.0.31903.59
MinimumVisualStudioVersion = 10.0.40219.1
Project("{2150E333-8FDC-42A3-9474-1A3956D46DE8}") = "node", "node", "{E7366AB5-E085-4852-81B9-1FEF3683C249}"
EndProject
Project("{2150E333-8FDC-42A3-9474-1A3956D46DE8}") = "racecontrol", "racecontrol", "{3E1A6FB6-D6A1-4C51-B1C9-E990ED6963C3}"
EndProject
Project("{2150E333-8FDC-42A3-9474-1A3956D46DE8}") = "server", "server", "{71264CD8-8D6E-4B10-A247-35C0CAEF47D6}"
EndProject
Project("{9A19103F-16F7-4668-BE54-9A1E7A4F7556}") = "NaeTime.Server.WebAPI", "NaeTime.Server.WebAPI\NaeTime.Server.WebAPI.csproj", "{82041876-D109-4AC5-BD80-634777AE55D2}"
EndProject
Project("{9A19103F-16F7-4668-BE54-9A1E7A4F7556}") = "NaeTime.Server", "NaeTIme.Server\NaeTime.Server.csproj", "{CA1D344E-4430-4E64-8BDE-CFF52E7E57C1}"
EndProject
Project("{9A19103F-16F7-4668-BE54-9A1E7A4F7556}") = "NaeTime.Server.Abstractions", "NaeTime.Server.Abstractions\NaeTime.Server.Abstractions.csproj", "{0E5D6581-2165-4102-BE1E-4FC17B2A82E5}"
EndProject
Project("{9A19103F-16F7-4668-BE54-9A1E7A4F7556}") = "NaeTime.RaceControl.BlazorWasm", "NaeTime.RaceControl.BlazorWasm\NaeTime.RaceControl.BlazorWasm.csproj", "{76A21BA2-E881-40D3-B550-C4F76CDE7C8B}"
EndProject
Project("{9A19103F-16F7-4668-BE54-9A1E7A4F7556}") = "NaeTime.RaceControl", "NaeTime.RaceControl\NaeTime.RaceControl.csproj", "{AC6DD17E-C948-433B-A43D-8B0F3E3CFD62}"
EndProject
Project("{9A19103F-16F7-4668-BE54-9A1E7A4F7556}") = "NaeTime.RaceControl.Abstractions", "NaeTime.RaceControl.Abstractions\NaeTime.RaceControl.Abstractions.csproj", "{E876A6C3-3EEB-461C-9343-0CB95F0ACE2E}"
EndProject
Project("{9A19103F-16F7-4668-BE54-9A1E7A4F7556}") = "NaeTime.Node.WebAPI", "NaeTime.Node.WebAPI\NaeTime.Node.WebAPI.csproj", "{42F8A1BD-2F4A-40BA-B182-0F4FC8E36016}"
EndProject
Project("{9A19103F-16F7-4668-BE54-9A1E7A4F7556}") = "NaeTime.Node", "NaeTime.Node\NaeTime.Node.csproj", "{BC9B45DF-B93C-4989-A91B-00A9C341EE29}"
EndProject
Project("{9A19103F-16F7-4668-BE54-9A1E7A4F7556}") = "NaeTime.Node.Abstractions", "NaeTime.Node.Abstractions\NaeTime.Node.Abstractions.csproj", "{EF745C05-E1E2-4020-A72C-4C48E605C6B1}"
EndProject
Project("{2150E333-8FDC-42A3-9474-1A3956D46DE8}") = "src", "src", "{2067FCE6-4CDD-4BEA-ACE0-F0D745339224}"
EndProject
Project("{2150E333-8FDC-42A3-9474-1A3956D46DE8}") = "src", "src", "{DB8601B8-4F61-4C2B-BDFB-F9CD20EDF86C}"
EndProject
Project("{2150E333-8FDC-42A3-9474-1A3956D46DE8}") = "src", "src", "{D0232052-7401-488F-B5D3-5B353B312A4B}"
EndProject
Project("{2150E333-8FDC-42A3-9474-1A3956D46DE8}") = "lib", "lib", "{56845687-8DDD-4A6C-AF65-E6AFC65A83FA}"
EndProject
Project("{9A19103F-16F7-4668-BE54-9A1E7A4F7556}") = "Gpio", "Gpio\Gpio.csproj", "{5F9F8C1E-62F7-46AD-B40D-B577CAD5369E}"
EndProject
Project("{9A19103F-16F7-4668-BE54-9A1E7A4F7556}") = "RX5808", "RX5808\RX5808.csproj", "{B5CB2646-E783-46F0-B923-85C39F33A6D0}"
EndProject
Project("{9A19103F-16F7-4668-BE54-9A1E7A4F7556}") = "NaeTime.Node.WebAPI.Shared", "NaeTime.Node.WebAPI.Shared\NaeTime.Node.WebAPI.Shared.csproj", "{62E8E27D-B880-42C6-A98B-0E64042B63A0}"
EndProject
Project("{9A19103F-16F7-4668-BE54-9A1E7A4F7556}") = "NaeTime.Node.Test.Console", "NaeTime.Node.Test.Console\NaeTime.Node.Test.Console.csproj", "{190D2981-A938-44FE-B2C9-8035659E3DDF}"
EndProject
Project("{9A19103F-16F7-4668-BE54-9A1E7A4F7556}") = "NaeTime.Node.WebAPI.Map", "NaeTime.Node.WebAPI.Map\NaeTime.Node.WebAPI.Map.csproj", "{9A84D5B2-A225-4A88-8BD3-22C76961A3BD}"
EndProject
Project("{9A19103F-16F7-4668-BE54-9A1E7A4F7556}") = "Mapping.Abstractions", "Mapping.Abstractions\Mapping.Abstractions.csproj", "{4FCEB5C1-4271-458B-B5B4-56A9A4BB998A}"
EndProject
Project("{9A19103F-16F7-4668-BE54-9A1E7A4F7556}") = "Mapping.DependencyInjection", "Mapping.DependencyInjection\Mapping.DependencyInjection.csproj", "{0194BCCD-FCAB-4186-8834-645567CB980F}"
EndProject
Project("{9A19103F-16F7-4668-BE54-9A1E7A4F7556}") = "NaeTime.Node.SignalR", "NaeTime.Node.SignalR\NaeTime.Node.SignalR.csproj", "{6E2351F4-32AE-4C23-889B-C0BE9D9ED336}"
EndProject
Project("{9A19103F-16F7-4668-BE54-9A1E7A4F7556}") = "NaeTime.Node.FileStorage", "NaeTime.Node.FileStorage\NaeTime.Node.FileStorage.csproj", "{45C7AA56-89FF-4B71-9911-DE7CC319C151}"
EndProject
Project("{2150E333-8FDC-42A3-9474-1A3956D46DE8}") = "tests", "tests", "{B0073903-C0CD-44F7-94BB-79C62FBBFE7A}"
EndProject
Project("{9A19103F-16F7-4668-BE54-9A1E7A4F7556}") = "NaeTime.Server.Tests", "NaeTime.Server.Tests\NaeTime.Server.Tests.csproj", "{39EB1210-7BD3-483D-AFC9-0248EC1028B9}"
EndProject
Project("{9A19103F-16F7-4668-BE54-9A1E7A4F7556}") = "NaeTime.Server.EventStore", "NaeTime.Server.EventStore\NaeTime.Server.EventStore.csproj", "{B5D4229C-0614-4E19-9DEF-4FE30CDF0A90}"
EndProject
Project("{9A19103F-16F7-4668-BE54-9A1E7A4F7556}") = "EventStore.Helpers", "EventStore.Helpers\EventStore.Helpers.csproj", "{FA0A7330-D8AA-4510-9F29-0A7D33C7FC76}"
EndProject
Project("{9A19103F-16F7-4668-BE54-9A1E7A4F7556}") = "NaeTime.Node.SignalR.Shared", "NaeTime.Node.SignalR.Shared\NaeTime.Node.SignalR.Shared.csproj", "{C7EE5608-1BCB-4769-B4C0-D2AAC28DABC8}"
EndProject
Project("{2150E333-8FDC-42A3-9474-1A3956D46DE8}") = "timing", "timing", "{89787FB6-AA9C-4F58-9DD6-F8C5AACF1324}"
EndProject
Project("{2150E333-8FDC-42A3-9474-1A3956D46DE8}") = "src", "src", "{C907EA03-A60C-4F31-9323-31576332654D}"
EndProject
Project("{2150E333-8FDC-42A3-9474-1A3956D46DE8}") = "client", "client", "{153A6B7B-42A3-42F2-9CD6-E51960B95996}"
EndProject
Project("{2150E333-8FDC-42A3-9474-1A3956D46DE8}") = "src", "src", "{06729137-7D79-40BE-8D59-5707F53C7C55}"
EndProject
Project("{9A19103F-16F7-4668-BE54-9A1E7A4F7556}") = "NaeTime.Client.MAUI", "NaeTime.Client.MAUI\NaeTime.Client.MAUI.csproj", "{C8200E1C-809F-4B00-BF43-CFED1D9FEA2A}"
EndProject
Project("{9A19103F-16F7-4668-BE54-9A1E7A4F7556}") = "NaeTime.Client.WEBAPI", "NaeTime.Client.WEBAPI\NaeTime.Client.WEBAPI.csproj", "{3AE89310-812B-4E4A-B474-610B7E6A252C}"
EndProject
Project("{9A19103F-16F7-4668-BE54-9A1E7A4F7556}") = "NaeTime.Client.Shared", "NaeTime.Client.Shared\NaeTime.Client.Shared.csproj", "{C4CDA593-86DD-4CC6-A2B4-CB1E9E866B9F}"
EndProject
Project("{9A19103F-16F7-4668-BE54-9A1E7A4F7556}") = "NaeTime.Client.Razor", "NaeTime.Client.Razor\NaeTime.Client.Razor.csproj", "{5C973961-E5DB-48B8-9F5B-EDE6A1E02275}"
EndProject
Project("{9A19103F-16F7-4668-BE54-9A1E7A4F7556}") = "NaeTime.Client.Razor.Lib", "NaeTime.Client.Razor.Lib\NaeTime.Client.Razor.Lib.csproj", "{B1555C6F-AE91-438C-9DDF-6CAE4339DAEB}"
EndProject
Project("{9A19103F-16F7-4668-BE54-9A1E7A4F7556}") = "NaeTime.Client.Razor.Lib.WebApi", "NaeTime.Client.Razor.Lib.WebApi\NaeTime.Client.Razor.Lib.WebApi.csproj", "{5EEABF70-8BEA-4890-A8EF-1796598582EA}"
EndProject
Project("{2150E333-8FDC-42A3-9474-1A3956D46DE8}") = "ImmersionRc", "ImmersionRc", "{BF9E2BB8-97EE-40E5-8BDF-65D46620D64E}"
EndProject
Project("{9A19103F-16F7-4668-BE54-9A1E7A4F7556}") = "ImmersionRC.LapRF.Tests.Console", "ImmersionRC.LapRF.Tests.Console\ImmersionRC.LapRF.Tests.Console.csproj", "{CDAC7451-579A-460C-9DA2-6E6BCBC3C461}"
EndProject
Project("{9A19103F-16F7-4668-BE54-9A1E7A4F7556}") = "ImmersionRC.LapRF.Tests", "ImmersionRC.LapRF.Tests\ImmersionRC.LapRF.Tests.csproj", "{73DFA10B-7B15-435B-9D16-FC81B3661E3C}"
EndProject
Project("{9A19103F-16F7-4668-BE54-9A1E7A4F7556}") = "ImmersionRC.LapRF", "ImmersionRC.LapRF\ImmersionRC.LapRF.csproj", "{1129A2C7-4A2F-44EB-BB32-CE4BF42CAD72}"
EndProject
Global
	GlobalSection(SolutionConfigurationPlatforms) = preSolution
		Debug|Any CPU = Debug|Any CPU
		Release|Any CPU = Release|Any CPU
	EndGlobalSection
	GlobalSection(ProjectConfigurationPlatforms) = postSolution
		{82041876-D109-4AC5-BD80-634777AE55D2}.Debug|Any CPU.ActiveCfg = Debug|Any CPU
		{82041876-D109-4AC5-BD80-634777AE55D2}.Debug|Any CPU.Build.0 = Debug|Any CPU
		{82041876-D109-4AC5-BD80-634777AE55D2}.Release|Any CPU.ActiveCfg = Release|Any CPU
		{82041876-D109-4AC5-BD80-634777AE55D2}.Release|Any CPU.Build.0 = Release|Any CPU
		{CA1D344E-4430-4E64-8BDE-CFF52E7E57C1}.Debug|Any CPU.ActiveCfg = Debug|Any CPU
		{CA1D344E-4430-4E64-8BDE-CFF52E7E57C1}.Debug|Any CPU.Build.0 = Debug|Any CPU
		{CA1D344E-4430-4E64-8BDE-CFF52E7E57C1}.Release|Any CPU.ActiveCfg = Release|Any CPU
		{CA1D344E-4430-4E64-8BDE-CFF52E7E57C1}.Release|Any CPU.Build.0 = Release|Any CPU
		{0E5D6581-2165-4102-BE1E-4FC17B2A82E5}.Debug|Any CPU.ActiveCfg = Debug|Any CPU
		{0E5D6581-2165-4102-BE1E-4FC17B2A82E5}.Debug|Any CPU.Build.0 = Debug|Any CPU
		{0E5D6581-2165-4102-BE1E-4FC17B2A82E5}.Release|Any CPU.ActiveCfg = Release|Any CPU
		{0E5D6581-2165-4102-BE1E-4FC17B2A82E5}.Release|Any CPU.Build.0 = Release|Any CPU
		{76A21BA2-E881-40D3-B550-C4F76CDE7C8B}.Debug|Any CPU.ActiveCfg = Debug|Any CPU
		{76A21BA2-E881-40D3-B550-C4F76CDE7C8B}.Debug|Any CPU.Build.0 = Debug|Any CPU
		{76A21BA2-E881-40D3-B550-C4F76CDE7C8B}.Release|Any CPU.ActiveCfg = Release|Any CPU
		{76A21BA2-E881-40D3-B550-C4F76CDE7C8B}.Release|Any CPU.Build.0 = Release|Any CPU
		{AC6DD17E-C948-433B-A43D-8B0F3E3CFD62}.Debug|Any CPU.ActiveCfg = Debug|Any CPU
		{AC6DD17E-C948-433B-A43D-8B0F3E3CFD62}.Debug|Any CPU.Build.0 = Debug|Any CPU
		{AC6DD17E-C948-433B-A43D-8B0F3E3CFD62}.Release|Any CPU.ActiveCfg = Release|Any CPU
		{AC6DD17E-C948-433B-A43D-8B0F3E3CFD62}.Release|Any CPU.Build.0 = Release|Any CPU
		{E876A6C3-3EEB-461C-9343-0CB95F0ACE2E}.Debug|Any CPU.ActiveCfg = Debug|Any CPU
		{E876A6C3-3EEB-461C-9343-0CB95F0ACE2E}.Debug|Any CPU.Build.0 = Debug|Any CPU
		{E876A6C3-3EEB-461C-9343-0CB95F0ACE2E}.Release|Any CPU.ActiveCfg = Release|Any CPU
		{E876A6C3-3EEB-461C-9343-0CB95F0ACE2E}.Release|Any CPU.Build.0 = Release|Any CPU
		{42F8A1BD-2F4A-40BA-B182-0F4FC8E36016}.Debug|Any CPU.ActiveCfg = Debug|Any CPU
		{42F8A1BD-2F4A-40BA-B182-0F4FC8E36016}.Debug|Any CPU.Build.0 = Debug|Any CPU
		{42F8A1BD-2F4A-40BA-B182-0F4FC8E36016}.Release|Any CPU.ActiveCfg = Release|Any CPU
		{42F8A1BD-2F4A-40BA-B182-0F4FC8E36016}.Release|Any CPU.Build.0 = Release|Any CPU
		{BC9B45DF-B93C-4989-A91B-00A9C341EE29}.Debug|Any CPU.ActiveCfg = Debug|Any CPU
		{BC9B45DF-B93C-4989-A91B-00A9C341EE29}.Debug|Any CPU.Build.0 = Debug|Any CPU
		{BC9B45DF-B93C-4989-A91B-00A9C341EE29}.Release|Any CPU.ActiveCfg = Release|Any CPU
		{BC9B45DF-B93C-4989-A91B-00A9C341EE29}.Release|Any CPU.Build.0 = Release|Any CPU
		{EF745C05-E1E2-4020-A72C-4C48E605C6B1}.Debug|Any CPU.ActiveCfg = Debug|Any CPU
		{EF745C05-E1E2-4020-A72C-4C48E605C6B1}.Debug|Any CPU.Build.0 = Debug|Any CPU
		{EF745C05-E1E2-4020-A72C-4C48E605C6B1}.Release|Any CPU.ActiveCfg = Release|Any CPU
		{EF745C05-E1E2-4020-A72C-4C48E605C6B1}.Release|Any CPU.Build.0 = Release|Any CPU
		{5F9F8C1E-62F7-46AD-B40D-B577CAD5369E}.Debug|Any CPU.ActiveCfg = Debug|Any CPU
		{5F9F8C1E-62F7-46AD-B40D-B577CAD5369E}.Debug|Any CPU.Build.0 = Debug|Any CPU
		{5F9F8C1E-62F7-46AD-B40D-B577CAD5369E}.Release|Any CPU.ActiveCfg = Release|Any CPU
		{5F9F8C1E-62F7-46AD-B40D-B577CAD5369E}.Release|Any CPU.Build.0 = Release|Any CPU
		{B5CB2646-E783-46F0-B923-85C39F33A6D0}.Debug|Any CPU.ActiveCfg = Debug|Any CPU
		{B5CB2646-E783-46F0-B923-85C39F33A6D0}.Debug|Any CPU.Build.0 = Debug|Any CPU
		{B5CB2646-E783-46F0-B923-85C39F33A6D0}.Release|Any CPU.ActiveCfg = Release|Any CPU
		{B5CB2646-E783-46F0-B923-85C39F33A6D0}.Release|Any CPU.Build.0 = Release|Any CPU
		{62E8E27D-B880-42C6-A98B-0E64042B63A0}.Debug|Any CPU.ActiveCfg = Debug|Any CPU
		{62E8E27D-B880-42C6-A98B-0E64042B63A0}.Debug|Any CPU.Build.0 = Debug|Any CPU
		{62E8E27D-B880-42C6-A98B-0E64042B63A0}.Release|Any CPU.ActiveCfg = Release|Any CPU
		{62E8E27D-B880-42C6-A98B-0E64042B63A0}.Release|Any CPU.Build.0 = Release|Any CPU
		{190D2981-A938-44FE-B2C9-8035659E3DDF}.Debug|Any CPU.ActiveCfg = Debug|Any CPU
		{190D2981-A938-44FE-B2C9-8035659E3DDF}.Debug|Any CPU.Build.0 = Debug|Any CPU
		{190D2981-A938-44FE-B2C9-8035659E3DDF}.Release|Any CPU.ActiveCfg = Release|Any CPU
		{190D2981-A938-44FE-B2C9-8035659E3DDF}.Release|Any CPU.Build.0 = Release|Any CPU
		{9A84D5B2-A225-4A88-8BD3-22C76961A3BD}.Debug|Any CPU.ActiveCfg = Debug|Any CPU
		{9A84D5B2-A225-4A88-8BD3-22C76961A3BD}.Debug|Any CPU.Build.0 = Debug|Any CPU
		{9A84D5B2-A225-4A88-8BD3-22C76961A3BD}.Release|Any CPU.ActiveCfg = Release|Any CPU
		{9A84D5B2-A225-4A88-8BD3-22C76961A3BD}.Release|Any CPU.Build.0 = Release|Any CPU
		{4FCEB5C1-4271-458B-B5B4-56A9A4BB998A}.Debug|Any CPU.ActiveCfg = Debug|Any CPU
		{4FCEB5C1-4271-458B-B5B4-56A9A4BB998A}.Debug|Any CPU.Build.0 = Debug|Any CPU
		{4FCEB5C1-4271-458B-B5B4-56A9A4BB998A}.Release|Any CPU.ActiveCfg = Release|Any CPU
		{4FCEB5C1-4271-458B-B5B4-56A9A4BB998A}.Release|Any CPU.Build.0 = Release|Any CPU
		{0194BCCD-FCAB-4186-8834-645567CB980F}.Debug|Any CPU.ActiveCfg = Debug|Any CPU
		{0194BCCD-FCAB-4186-8834-645567CB980F}.Debug|Any CPU.Build.0 = Debug|Any CPU
		{0194BCCD-FCAB-4186-8834-645567CB980F}.Release|Any CPU.ActiveCfg = Release|Any CPU
		{0194BCCD-FCAB-4186-8834-645567CB980F}.Release|Any CPU.Build.0 = Release|Any CPU
		{6E2351F4-32AE-4C23-889B-C0BE9D9ED336}.Debug|Any CPU.ActiveCfg = Debug|Any CPU
		{6E2351F4-32AE-4C23-889B-C0BE9D9ED336}.Debug|Any CPU.Build.0 = Debug|Any CPU
		{6E2351F4-32AE-4C23-889B-C0BE9D9ED336}.Release|Any CPU.ActiveCfg = Release|Any CPU
		{6E2351F4-32AE-4C23-889B-C0BE9D9ED336}.Release|Any CPU.Build.0 = Release|Any CPU
		{45C7AA56-89FF-4B71-9911-DE7CC319C151}.Debug|Any CPU.ActiveCfg = Debug|Any CPU
		{45C7AA56-89FF-4B71-9911-DE7CC319C151}.Debug|Any CPU.Build.0 = Debug|Any CPU
		{45C7AA56-89FF-4B71-9911-DE7CC319C151}.Release|Any CPU.ActiveCfg = Release|Any CPU
		{45C7AA56-89FF-4B71-9911-DE7CC319C151}.Release|Any CPU.Build.0 = Release|Any CPU
		{39EB1210-7BD3-483D-AFC9-0248EC1028B9}.Debug|Any CPU.ActiveCfg = Debug|Any CPU
		{39EB1210-7BD3-483D-AFC9-0248EC1028B9}.Debug|Any CPU.Build.0 = Debug|Any CPU
		{39EB1210-7BD3-483D-AFC9-0248EC1028B9}.Release|Any CPU.ActiveCfg = Release|Any CPU
		{39EB1210-7BD3-483D-AFC9-0248EC1028B9}.Release|Any CPU.Build.0 = Release|Any CPU
		{B5D4229C-0614-4E19-9DEF-4FE30CDF0A90}.Debug|Any CPU.ActiveCfg = Debug|Any CPU
		{B5D4229C-0614-4E19-9DEF-4FE30CDF0A90}.Debug|Any CPU.Build.0 = Debug|Any CPU
		{B5D4229C-0614-4E19-9DEF-4FE30CDF0A90}.Release|Any CPU.ActiveCfg = Release|Any CPU
		{B5D4229C-0614-4E19-9DEF-4FE30CDF0A90}.Release|Any CPU.Build.0 = Release|Any CPU
		{FA0A7330-D8AA-4510-9F29-0A7D33C7FC76}.Debug|Any CPU.ActiveCfg = Debug|Any CPU
		{FA0A7330-D8AA-4510-9F29-0A7D33C7FC76}.Debug|Any CPU.Build.0 = Debug|Any CPU
		{FA0A7330-D8AA-4510-9F29-0A7D33C7FC76}.Release|Any CPU.ActiveCfg = Release|Any CPU
		{FA0A7330-D8AA-4510-9F29-0A7D33C7FC76}.Release|Any CPU.Build.0 = Release|Any CPU
		{C7EE5608-1BCB-4769-B4C0-D2AAC28DABC8}.Debug|Any CPU.ActiveCfg = Debug|Any CPU
		{C7EE5608-1BCB-4769-B4C0-D2AAC28DABC8}.Debug|Any CPU.Build.0 = Debug|Any CPU
		{C7EE5608-1BCB-4769-B4C0-D2AAC28DABC8}.Release|Any CPU.ActiveCfg = Release|Any CPU
		{C7EE5608-1BCB-4769-B4C0-D2AAC28DABC8}.Release|Any CPU.Build.0 = Release|Any CPU
		{C8200E1C-809F-4B00-BF43-CFED1D9FEA2A}.Debug|Any CPU.ActiveCfg = Debug|Any CPU
		{C8200E1C-809F-4B00-BF43-CFED1D9FEA2A}.Debug|Any CPU.Build.0 = Debug|Any CPU
		{C8200E1C-809F-4B00-BF43-CFED1D9FEA2A}.Debug|Any CPU.Deploy.0 = Debug|Any CPU
		{C8200E1C-809F-4B00-BF43-CFED1D9FEA2A}.Release|Any CPU.ActiveCfg = Release|Any CPU
		{C8200E1C-809F-4B00-BF43-CFED1D9FEA2A}.Release|Any CPU.Build.0 = Release|Any CPU
		{C8200E1C-809F-4B00-BF43-CFED1D9FEA2A}.Release|Any CPU.Deploy.0 = Release|Any CPU
		{3AE89310-812B-4E4A-B474-610B7E6A252C}.Debug|Any CPU.ActiveCfg = Debug|Any CPU
		{3AE89310-812B-4E4A-B474-610B7E6A252C}.Debug|Any CPU.Build.0 = Debug|Any CPU
		{3AE89310-812B-4E4A-B474-610B7E6A252C}.Release|Any CPU.ActiveCfg = Release|Any CPU
		{3AE89310-812B-4E4A-B474-610B7E6A252C}.Release|Any CPU.Build.0 = Release|Any CPU
		{C4CDA593-86DD-4CC6-A2B4-CB1E9E866B9F}.Debug|Any CPU.ActiveCfg = Debug|Any CPU
		{C4CDA593-86DD-4CC6-A2B4-CB1E9E866B9F}.Debug|Any CPU.Build.0 = Debug|Any CPU
		{C4CDA593-86DD-4CC6-A2B4-CB1E9E866B9F}.Release|Any CPU.ActiveCfg = Release|Any CPU
		{C4CDA593-86DD-4CC6-A2B4-CB1E9E866B9F}.Release|Any CPU.Build.0 = Release|Any CPU
		{5C973961-E5DB-48B8-9F5B-EDE6A1E02275}.Debug|Any CPU.ActiveCfg = Debug|Any CPU
		{5C973961-E5DB-48B8-9F5B-EDE6A1E02275}.Debug|Any CPU.Build.0 = Debug|Any CPU
		{5C973961-E5DB-48B8-9F5B-EDE6A1E02275}.Release|Any CPU.ActiveCfg = Release|Any CPU
		{5C973961-E5DB-48B8-9F5B-EDE6A1E02275}.Release|Any CPU.Build.0 = Release|Any CPU
		{B1555C6F-AE91-438C-9DDF-6CAE4339DAEB}.Debug|Any CPU.ActiveCfg = Debug|Any CPU
		{B1555C6F-AE91-438C-9DDF-6CAE4339DAEB}.Debug|Any CPU.Build.0 = Debug|Any CPU
		{B1555C6F-AE91-438C-9DDF-6CAE4339DAEB}.Release|Any CPU.ActiveCfg = Release|Any CPU
		{B1555C6F-AE91-438C-9DDF-6CAE4339DAEB}.Release|Any CPU.Build.0 = Release|Any CPU
		{5EEABF70-8BEA-4890-A8EF-1796598582EA}.Debug|Any CPU.ActiveCfg = Debug|Any CPU
		{5EEABF70-8BEA-4890-A8EF-1796598582EA}.Debug|Any CPU.Build.0 = Debug|Any CPU
		{5EEABF70-8BEA-4890-A8EF-1796598582EA}.Release|Any CPU.ActiveCfg = Release|Any CPU
		{5EEABF70-8BEA-4890-A8EF-1796598582EA}.Release|Any CPU.Build.0 = Release|Any CPU
		{CDAC7451-579A-460C-9DA2-6E6BCBC3C461}.Debug|Any CPU.ActiveCfg = Debug|Any CPU
		{CDAC7451-579A-460C-9DA2-6E6BCBC3C461}.Debug|Any CPU.Build.0 = Debug|Any CPU
		{CDAC7451-579A-460C-9DA2-6E6BCBC3C461}.Release|Any CPU.ActiveCfg = Release|Any CPU
		{CDAC7451-579A-460C-9DA2-6E6BCBC3C461}.Release|Any CPU.Build.0 = Release|Any CPU
		{73DFA10B-7B15-435B-9D16-FC81B3661E3C}.Debug|Any CPU.ActiveCfg = Debug|Any CPU
		{73DFA10B-7B15-435B-9D16-FC81B3661E3C}.Debug|Any CPU.Build.0 = Debug|Any CPU
		{73DFA10B-7B15-435B-9D16-FC81B3661E3C}.Release|Any CPU.ActiveCfg = Release|Any CPU
		{73DFA10B-7B15-435B-9D16-FC81B3661E3C}.Release|Any CPU.Build.0 = Release|Any CPU
		{1129A2C7-4A2F-44EB-BB32-CE4BF42CAD72}.Debug|Any CPU.ActiveCfg = Debug|Any CPU
		{1129A2C7-4A2F-44EB-BB32-CE4BF42CAD72}.Debug|Any CPU.Build.0 = Debug|Any CPU
		{1129A2C7-4A2F-44EB-BB32-CE4BF42CAD72}.Release|Any CPU.ActiveCfg = Release|Any CPU
		{1129A2C7-4A2F-44EB-BB32-CE4BF42CAD72}.Release|Any CPU.Build.0 = Release|Any CPU
	EndGlobalSection
	GlobalSection(SolutionProperties) = preSolution
		HideSolutionNode = FALSE
	EndGlobalSection
	GlobalSection(NestedProjects) = preSolution
		{82041876-D109-4AC5-BD80-634777AE55D2} = {DB8601B8-4F61-4C2B-BDFB-F9CD20EDF86C}
		{CA1D344E-4430-4E64-8BDE-CFF52E7E57C1} = {DB8601B8-4F61-4C2B-BDFB-F9CD20EDF86C}
		{0E5D6581-2165-4102-BE1E-4FC17B2A82E5} = {DB8601B8-4F61-4C2B-BDFB-F9CD20EDF86C}
		{76A21BA2-E881-40D3-B550-C4F76CDE7C8B} = {2067FCE6-4CDD-4BEA-ACE0-F0D745339224}
		{AC6DD17E-C948-433B-A43D-8B0F3E3CFD62} = {2067FCE6-4CDD-4BEA-ACE0-F0D745339224}
		{E876A6C3-3EEB-461C-9343-0CB95F0ACE2E} = {2067FCE6-4CDD-4BEA-ACE0-F0D745339224}
		{42F8A1BD-2F4A-40BA-B182-0F4FC8E36016} = {D0232052-7401-488F-B5D3-5B353B312A4B}
		{BC9B45DF-B93C-4989-A91B-00A9C341EE29} = {D0232052-7401-488F-B5D3-5B353B312A4B}
		{EF745C05-E1E2-4020-A72C-4C48E605C6B1} = {D0232052-7401-488F-B5D3-5B353B312A4B}
		{2067FCE6-4CDD-4BEA-ACE0-F0D745339224} = {3E1A6FB6-D6A1-4C51-B1C9-E990ED6963C3}
		{DB8601B8-4F61-4C2B-BDFB-F9CD20EDF86C} = {71264CD8-8D6E-4B10-A247-35C0CAEF47D6}
		{D0232052-7401-488F-B5D3-5B353B312A4B} = {E7366AB5-E085-4852-81B9-1FEF3683C249}
		{5F9F8C1E-62F7-46AD-B40D-B577CAD5369E} = {56845687-8DDD-4A6C-AF65-E6AFC65A83FA}
		{B5CB2646-E783-46F0-B923-85C39F33A6D0} = {56845687-8DDD-4A6C-AF65-E6AFC65A83FA}
		{62E8E27D-B880-42C6-A98B-0E64042B63A0} = {D0232052-7401-488F-B5D3-5B353B312A4B}
		{190D2981-A938-44FE-B2C9-8035659E3DDF} = {D0232052-7401-488F-B5D3-5B353B312A4B}
		{9A84D5B2-A225-4A88-8BD3-22C76961A3BD} = {D0232052-7401-488F-B5D3-5B353B312A4B}
		{4FCEB5C1-4271-458B-B5B4-56A9A4BB998A} = {56845687-8DDD-4A6C-AF65-E6AFC65A83FA}
		{0194BCCD-FCAB-4186-8834-645567CB980F} = {56845687-8DDD-4A6C-AF65-E6AFC65A83FA}
		{6E2351F4-32AE-4C23-889B-C0BE9D9ED336} = {D0232052-7401-488F-B5D3-5B353B312A4B}
		{45C7AA56-89FF-4B71-9911-DE7CC319C151} = {D0232052-7401-488F-B5D3-5B353B312A4B}
		{B0073903-C0CD-44F7-94BB-79C62FBBFE7A} = {71264CD8-8D6E-4B10-A247-35C0CAEF47D6}
		{39EB1210-7BD3-483D-AFC9-0248EC1028B9} = {B0073903-C0CD-44F7-94BB-79C62FBBFE7A}
		{B5D4229C-0614-4E19-9DEF-4FE30CDF0A90} = {DB8601B8-4F61-4C2B-BDFB-F9CD20EDF86C}
		{FA0A7330-D8AA-4510-9F29-0A7D33C7FC76} = {56845687-8DDD-4A6C-AF65-E6AFC65A83FA}
		{C7EE5608-1BCB-4769-B4C0-D2AAC28DABC8} = {D0232052-7401-488F-B5D3-5B353B312A4B}
		{C907EA03-A60C-4F31-9323-31576332654D} = {89787FB6-AA9C-4F58-9DD6-F8C5AACF1324}
		{06729137-7D79-40BE-8D59-5707F53C7C55} = {153A6B7B-42A3-42F2-9CD6-E51960B95996}
		{C8200E1C-809F-4B00-BF43-CFED1D9FEA2A} = {06729137-7D79-40BE-8D59-5707F53C7C55}
		{3AE89310-812B-4E4A-B474-610B7E6A252C} = {06729137-7D79-40BE-8D59-5707F53C7C55}
		{C4CDA593-86DD-4CC6-A2B4-CB1E9E866B9F} = {06729137-7D79-40BE-8D59-5707F53C7C55}
		{5C973961-E5DB-48B8-9F5B-EDE6A1E02275} = {06729137-7D79-40BE-8D59-5707F53C7C55}
		{B1555C6F-AE91-438C-9DDF-6CAE4339DAEB} = {06729137-7D79-40BE-8D59-5707F53C7C55}
		{5EEABF70-8BEA-4890-A8EF-1796598582EA} = {06729137-7D79-40BE-8D59-5707F53C7C55}
		{BF9E2BB8-97EE-40E5-8BDF-65D46620D64E} = {56845687-8DDD-4A6C-AF65-E6AFC65A83FA}
		{CDAC7451-579A-460C-9DA2-6E6BCBC3C461} = {BF9E2BB8-97EE-40E5-8BDF-65D46620D64E}
		{73DFA10B-7B15-435B-9D16-FC81B3661E3C} = {BF9E2BB8-97EE-40E5-8BDF-65D46620D64E}
		{1129A2C7-4A2F-44EB-BB32-CE4BF42CAD72} = {BF9E2BB8-97EE-40E5-8BDF-65D46620D64E}
	EndGlobalSection
	GlobalSection(ExtensibilityGlobals) = postSolution
		SolutionGuid = {5210F0AE-1F6C-44EA-AEB1-C0A71B6E326B}
	EndGlobalSection
EndGlobal
