
Microsoft Visual Studio Solution File, Format Version 12.00
# Visual Studio Version 17
VisualStudioVersion = 17.2.32616.157
MinimumVisualStudioVersion = 10.0.40219.1
Project("{9A19103F-16F7-4668-BE54-9A1E7A4F7556}") = "RX5808", "RX5808\RX5808.csproj", "{98903EB3-1B83-40EC-92A6-609A6C743A64}"
EndProject
Project("{9A19103F-16F7-4668-BE54-9A1E7A4F7556}") = "TestConsole", "TestConsole\TestConsole.csproj", "{AC93385E-659E-4A0C-B0F3-7234D42D701C}"
EndProject
Project("{9A19103F-16F7-4668-BE54-9A1E7A4F7556}") = "RX5808.Tests", "RX5808.Tests\RX5808.Tests.csproj", "{0BD826D7-6AF9-4CE2-AA81-B5784A893C0A}"
EndProject
Project("{9A19103F-16F7-4668-BE54-9A1E7A4F7556}") = "Gpio", "Gpio\Gpio.csproj", "{43848105-E9DD-4D38-8D70-A024EC78D0FE}"
EndProject
Project("{9A19103F-16F7-4668-BE54-9A1E7A4F7556}") = "NaeTime.Node.Abstractions", "NaeTime.Node.Abstractions\NaeTime.Node.Abstractions.csproj", "{4A41DC7D-F4B0-4380-A0E2-CD9C56D889FC}"
EndProject
Project("{9A19103F-16F7-4668-BE54-9A1E7A4F7556}") = "NaeTime.Node.Core", "NaeTime.Node.Core\NaeTime.Node.Core.csproj", "{2AA25A1C-15D2-43D7-9564-3253ECD62497}"
EndProject
Project("{9A19103F-16F7-4668-BE54-9A1E7A4F7556}") = "NaeTime.Node", "NaeTime.Node\NaeTime.Node.csproj", "{75CBC70E-B392-4E4A-AC51-7A197D214CE6}"
EndProject
Project("{2150E333-8FDC-42A3-9474-1A3956D46DE8}") = "src", "src", "{5DDEFE5F-2260-401D-9F47-E035C156796C}"
EndProject
Project("{2150E333-8FDC-42A3-9474-1A3956D46DE8}") = "node", "node", "{805B6A25-FC62-4D6A-B494-647EB09BCBE7}"
EndProject
Project("{2150E333-8FDC-42A3-9474-1A3956D46DE8}") = "client", "client", "{E112DA26-3411-4D65-9B9E-D4CDB86D568E}"
EndProject
Project("{2150E333-8FDC-42A3-9474-1A3956D46DE8}") = "server", "server", "{94FE77B6-76A3-4E1D-83EB-5F2ED9BC8C5D}"
EndProject
Project("{2150E333-8FDC-42A3-9474-1A3956D46DE8}") = "lib", "lib", "{23DBE098-1713-435C-A8D0-7EFDA819D554}"
EndProject
Project("{2150E333-8FDC-42A3-9474-1A3956D46DE8}") = "test", "test", "{00EA0326-46AF-4A5D-8F2D-874E7E0A2813}"
EndProject
Project("{9A19103F-16F7-4668-BE54-9A1E7A4F7556}") = "NaeTime.Core", "NaeTime.Core\NaeTime.Core.csproj", "{6B943F0E-36BB-4147-9D7F-378155D86974}"
EndProject
Project("{9A19103F-16F7-4668-BE54-9A1E7A4F7556}") = "NaeTime.Abstractions", "NaeTime.Abstractions\NaeTime.Abstractions.csproj", "{987574BC-7481-4BF3-8F55-B363EB88A503}"
EndProject
Project("{9A19103F-16F7-4668-BE54-9A1E7A4F7556}") = "NaeTime.Server", "NaeTime\Server\NaeTime.Server.csproj", "{1EC66303-4644-4A31-A90F-14F1E0D16FBF}"
EndProject
Project("{9A19103F-16F7-4668-BE54-9A1E7A4F7556}") = "NaeTime.Client", "NaeTime\Client\NaeTime.Client.csproj", "{371A41F0-99F3-4948-8C5B-E9BCD53F55B7}"
EndProject
Project("{9A19103F-16F7-4668-BE54-9A1E7A4F7556}") = "NaeTime.Client.Abstractions", "NaeTime.Client.Abstractions\NaeTime.Client.Abstractions.csproj", "{2E817925-240E-46EF-ACF5-EFF68C745537}"
EndProject
Project("{9A19103F-16F7-4668-BE54-9A1E7A4F7556}") = "NaeTime.Client.Core", "NaeTime.Client.Core\NaeTime.Client.Core.csproj", "{24A33787-A716-406D-900D-0571FFAE9D78}"
EndProject
Project("{9A19103F-16F7-4668-BE54-9A1E7A4F7556}") = "NaeTime.Core.Tests", "NaeTime.Core.Tests\NaeTime.Core.Tests.csproj", "{F45216C1-26AF-449F-A933-280687A96084}"
EndProject
Project("{2150E333-8FDC-42A3-9474-1A3956D46DE8}") = "common", "common", "{C72463A7-3BCF-4490-BA8E-B82CC725A536}"
EndProject
Project("{9A19103F-16F7-4668-BE54-9A1E7A4F7556}") = "NaeTime.Shared", "NaeTime.Shared\NaeTime.Shared.csproj", "{5889BF4F-DAAB-4C4F-82D8-06D5C663BABB}"
EndProject
Project("{FAE04EC0-301F-11D3-BF4B-00C04F79EFBC}") = "NaeTime.Node.Client", "NaeTime.Node.Client\NaeTime.Node.Client.csproj", "{A8F571DF-08A8-4F03-A98F-1F5E1B8B9FCB}"
EndProject
Global
	GlobalSection(SolutionConfigurationPlatforms) = preSolution
		Debug|Any CPU = Debug|Any CPU
		Release|Any CPU = Release|Any CPU
	EndGlobalSection
	GlobalSection(ProjectConfigurationPlatforms) = postSolution
		{98903EB3-1B83-40EC-92A6-609A6C743A64}.Debug|Any CPU.ActiveCfg = Debug|Any CPU
		{98903EB3-1B83-40EC-92A6-609A6C743A64}.Debug|Any CPU.Build.0 = Debug|Any CPU
		{98903EB3-1B83-40EC-92A6-609A6C743A64}.Release|Any CPU.ActiveCfg = Release|Any CPU
		{98903EB3-1B83-40EC-92A6-609A6C743A64}.Release|Any CPU.Build.0 = Release|Any CPU
		{AC93385E-659E-4A0C-B0F3-7234D42D701C}.Debug|Any CPU.ActiveCfg = Debug|Any CPU
		{AC93385E-659E-4A0C-B0F3-7234D42D701C}.Debug|Any CPU.Build.0 = Debug|Any CPU
		{AC93385E-659E-4A0C-B0F3-7234D42D701C}.Release|Any CPU.ActiveCfg = Release|Any CPU
		{AC93385E-659E-4A0C-B0F3-7234D42D701C}.Release|Any CPU.Build.0 = Release|Any CPU
		{0BD826D7-6AF9-4CE2-AA81-B5784A893C0A}.Debug|Any CPU.ActiveCfg = Debug|Any CPU
		{0BD826D7-6AF9-4CE2-AA81-B5784A893C0A}.Debug|Any CPU.Build.0 = Debug|Any CPU
		{0BD826D7-6AF9-4CE2-AA81-B5784A893C0A}.Release|Any CPU.ActiveCfg = Release|Any CPU
		{0BD826D7-6AF9-4CE2-AA81-B5784A893C0A}.Release|Any CPU.Build.0 = Release|Any CPU
		{43848105-E9DD-4D38-8D70-A024EC78D0FE}.Debug|Any CPU.ActiveCfg = Debug|Any CPU
		{43848105-E9DD-4D38-8D70-A024EC78D0FE}.Debug|Any CPU.Build.0 = Debug|Any CPU
		{43848105-E9DD-4D38-8D70-A024EC78D0FE}.Release|Any CPU.ActiveCfg = Release|Any CPU
		{43848105-E9DD-4D38-8D70-A024EC78D0FE}.Release|Any CPU.Build.0 = Release|Any CPU
		{4A41DC7D-F4B0-4380-A0E2-CD9C56D889FC}.Debug|Any CPU.ActiveCfg = Debug|Any CPU
		{4A41DC7D-F4B0-4380-A0E2-CD9C56D889FC}.Debug|Any CPU.Build.0 = Debug|Any CPU
		{4A41DC7D-F4B0-4380-A0E2-CD9C56D889FC}.Release|Any CPU.ActiveCfg = Release|Any CPU
		{4A41DC7D-F4B0-4380-A0E2-CD9C56D889FC}.Release|Any CPU.Build.0 = Release|Any CPU
		{2AA25A1C-15D2-43D7-9564-3253ECD62497}.Debug|Any CPU.ActiveCfg = Debug|Any CPU
		{2AA25A1C-15D2-43D7-9564-3253ECD62497}.Debug|Any CPU.Build.0 = Debug|Any CPU
		{2AA25A1C-15D2-43D7-9564-3253ECD62497}.Release|Any CPU.ActiveCfg = Release|Any CPU
		{2AA25A1C-15D2-43D7-9564-3253ECD62497}.Release|Any CPU.Build.0 = Release|Any CPU
		{75CBC70E-B392-4E4A-AC51-7A197D214CE6}.Debug|Any CPU.ActiveCfg = Debug|Any CPU
		{75CBC70E-B392-4E4A-AC51-7A197D214CE6}.Debug|Any CPU.Build.0 = Debug|Any CPU
		{75CBC70E-B392-4E4A-AC51-7A197D214CE6}.Release|Any CPU.ActiveCfg = Release|Any CPU
		{75CBC70E-B392-4E4A-AC51-7A197D214CE6}.Release|Any CPU.Build.0 = Release|Any CPU
		{6B943F0E-36BB-4147-9D7F-378155D86974}.Debug|Any CPU.ActiveCfg = Debug|Any CPU
		{6B943F0E-36BB-4147-9D7F-378155D86974}.Debug|Any CPU.Build.0 = Debug|Any CPU
		{6B943F0E-36BB-4147-9D7F-378155D86974}.Release|Any CPU.ActiveCfg = Release|Any CPU
		{6B943F0E-36BB-4147-9D7F-378155D86974}.Release|Any CPU.Build.0 = Release|Any CPU
		{987574BC-7481-4BF3-8F55-B363EB88A503}.Debug|Any CPU.ActiveCfg = Debug|Any CPU
		{987574BC-7481-4BF3-8F55-B363EB88A503}.Debug|Any CPU.Build.0 = Debug|Any CPU
		{987574BC-7481-4BF3-8F55-B363EB88A503}.Release|Any CPU.ActiveCfg = Release|Any CPU
		{987574BC-7481-4BF3-8F55-B363EB88A503}.Release|Any CPU.Build.0 = Release|Any CPU
		{1EC66303-4644-4A31-A90F-14F1E0D16FBF}.Debug|Any CPU.ActiveCfg = Debug|Any CPU
		{1EC66303-4644-4A31-A90F-14F1E0D16FBF}.Debug|Any CPU.Build.0 = Debug|Any CPU
		{1EC66303-4644-4A31-A90F-14F1E0D16FBF}.Release|Any CPU.ActiveCfg = Release|Any CPU
		{1EC66303-4644-4A31-A90F-14F1E0D16FBF}.Release|Any CPU.Build.0 = Release|Any CPU
		{371A41F0-99F3-4948-8C5B-E9BCD53F55B7}.Debug|Any CPU.ActiveCfg = Debug|Any CPU
		{371A41F0-99F3-4948-8C5B-E9BCD53F55B7}.Debug|Any CPU.Build.0 = Debug|Any CPU
		{371A41F0-99F3-4948-8C5B-E9BCD53F55B7}.Release|Any CPU.ActiveCfg = Release|Any CPU
		{371A41F0-99F3-4948-8C5B-E9BCD53F55B7}.Release|Any CPU.Build.0 = Release|Any CPU
		{2E817925-240E-46EF-ACF5-EFF68C745537}.Debug|Any CPU.ActiveCfg = Debug|Any CPU
		{2E817925-240E-46EF-ACF5-EFF68C745537}.Debug|Any CPU.Build.0 = Debug|Any CPU
		{2E817925-240E-46EF-ACF5-EFF68C745537}.Release|Any CPU.ActiveCfg = Release|Any CPU
		{2E817925-240E-46EF-ACF5-EFF68C745537}.Release|Any CPU.Build.0 = Release|Any CPU
		{24A33787-A716-406D-900D-0571FFAE9D78}.Debug|Any CPU.ActiveCfg = Debug|Any CPU
		{24A33787-A716-406D-900D-0571FFAE9D78}.Debug|Any CPU.Build.0 = Debug|Any CPU
		{24A33787-A716-406D-900D-0571FFAE9D78}.Release|Any CPU.ActiveCfg = Release|Any CPU
		{24A33787-A716-406D-900D-0571FFAE9D78}.Release|Any CPU.Build.0 = Release|Any CPU
		{F45216C1-26AF-449F-A933-280687A96084}.Debug|Any CPU.ActiveCfg = Debug|Any CPU
		{F45216C1-26AF-449F-A933-280687A96084}.Debug|Any CPU.Build.0 = Debug|Any CPU
		{F45216C1-26AF-449F-A933-280687A96084}.Release|Any CPU.ActiveCfg = Release|Any CPU
		{F45216C1-26AF-449F-A933-280687A96084}.Release|Any CPU.Build.0 = Release|Any CPU
		{5889BF4F-DAAB-4C4F-82D8-06D5C663BABB}.Debug|Any CPU.ActiveCfg = Debug|Any CPU
		{5889BF4F-DAAB-4C4F-82D8-06D5C663BABB}.Debug|Any CPU.Build.0 = Debug|Any CPU
		{5889BF4F-DAAB-4C4F-82D8-06D5C663BABB}.Release|Any CPU.ActiveCfg = Release|Any CPU
		{5889BF4F-DAAB-4C4F-82D8-06D5C663BABB}.Release|Any CPU.Build.0 = Release|Any CPU
		{A8F571DF-08A8-4F03-A98F-1F5E1B8B9FCB}.Debug|Any CPU.ActiveCfg = Debug|Any CPU
		{A8F571DF-08A8-4F03-A98F-1F5E1B8B9FCB}.Debug|Any CPU.Build.0 = Debug|Any CPU
		{A8F571DF-08A8-4F03-A98F-1F5E1B8B9FCB}.Release|Any CPU.ActiveCfg = Release|Any CPU
		{A8F571DF-08A8-4F03-A98F-1F5E1B8B9FCB}.Release|Any CPU.Build.0 = Release|Any CPU
	EndGlobalSection
	GlobalSection(SolutionProperties) = preSolution
		HideSolutionNode = FALSE
	EndGlobalSection
	GlobalSection(NestedProjects) = preSolution
		{98903EB3-1B83-40EC-92A6-609A6C743A64} = {23DBE098-1713-435C-A8D0-7EFDA819D554}
		{AC93385E-659E-4A0C-B0F3-7234D42D701C} = {00EA0326-46AF-4A5D-8F2D-874E7E0A2813}
		{0BD826D7-6AF9-4CE2-AA81-B5784A893C0A} = {00EA0326-46AF-4A5D-8F2D-874E7E0A2813}
		{43848105-E9DD-4D38-8D70-A024EC78D0FE} = {23DBE098-1713-435C-A8D0-7EFDA819D554}
		{4A41DC7D-F4B0-4380-A0E2-CD9C56D889FC} = {805B6A25-FC62-4D6A-B494-647EB09BCBE7}
		{2AA25A1C-15D2-43D7-9564-3253ECD62497} = {805B6A25-FC62-4D6A-B494-647EB09BCBE7}
		{75CBC70E-B392-4E4A-AC51-7A197D214CE6} = {805B6A25-FC62-4D6A-B494-647EB09BCBE7}
		{805B6A25-FC62-4D6A-B494-647EB09BCBE7} = {5DDEFE5F-2260-401D-9F47-E035C156796C}
		{E112DA26-3411-4D65-9B9E-D4CDB86D568E} = {5DDEFE5F-2260-401D-9F47-E035C156796C}
		{94FE77B6-76A3-4E1D-83EB-5F2ED9BC8C5D} = {5DDEFE5F-2260-401D-9F47-E035C156796C}
		{23DBE098-1713-435C-A8D0-7EFDA819D554} = {5DDEFE5F-2260-401D-9F47-E035C156796C}
		{6B943F0E-36BB-4147-9D7F-378155D86974} = {94FE77B6-76A3-4E1D-83EB-5F2ED9BC8C5D}
		{987574BC-7481-4BF3-8F55-B363EB88A503} = {94FE77B6-76A3-4E1D-83EB-5F2ED9BC8C5D}
		{1EC66303-4644-4A31-A90F-14F1E0D16FBF} = {94FE77B6-76A3-4E1D-83EB-5F2ED9BC8C5D}
		{371A41F0-99F3-4948-8C5B-E9BCD53F55B7} = {E112DA26-3411-4D65-9B9E-D4CDB86D568E}
		{2E817925-240E-46EF-ACF5-EFF68C745537} = {E112DA26-3411-4D65-9B9E-D4CDB86D568E}
		{24A33787-A716-406D-900D-0571FFAE9D78} = {E112DA26-3411-4D65-9B9E-D4CDB86D568E}
		{F45216C1-26AF-449F-A933-280687A96084} = {00EA0326-46AF-4A5D-8F2D-874E7E0A2813}
		{C72463A7-3BCF-4490-BA8E-B82CC725A536} = {5DDEFE5F-2260-401D-9F47-E035C156796C}
		{5889BF4F-DAAB-4C4F-82D8-06D5C663BABB} = {C72463A7-3BCF-4490-BA8E-B82CC725A536}
		{A8F571DF-08A8-4F03-A98F-1F5E1B8B9FCB} = {805B6A25-FC62-4D6A-B494-647EB09BCBE7}
	EndGlobalSection
	GlobalSection(ExtensibilityGlobals) = postSolution
		SolutionGuid = {1A997979-3B06-4C74-83C2-FD4E2B5F707A}
	EndGlobalSection
EndGlobal
